// !$*UTF8*$!
{
	archiveVersion = 1;
	classes = {
	};
	objectVersion = 46;
	objects = {

/* Begin PBXBuildFile section */
		A184240A192B3EAA001ED83E /* Foundation.framework in Frameworks */ = {isa = PBXBuildFile; fileRef = A1842409192B3EAA001ED83E /* Foundation.framework */; };
		A184240C192B3EAA001ED83E /* CoreGraphics.framework in Frameworks */ = {isa = PBXBuildFile; fileRef = A184240B192B3EAA001ED83E /* CoreGraphics.framework */; };
		A184240E192B3EAA001ED83E /* UIKit.framework in Frameworks */ = {isa = PBXBuildFile; fileRef = A184240D192B3EAA001ED83E /* UIKit.framework */; };
		A1842414192B3EAA001ED83E /* InfoPlist.strings in Resources */ = {isa = PBXBuildFile; fileRef = A1842412192B3EAA001ED83E /* InfoPlist.strings */; };
		A1842416192B3EAA001ED83E /* main.m in Sources */ = {isa = PBXBuildFile; fileRef = A1842415192B3EAA001ED83E /* main.m */; };
		A184241A192B3EAA001ED83E /* IHAppDelegate.m in Sources */ = {isa = PBXBuildFile; fileRef = A1842419192B3EAA001ED83E /* IHAppDelegate.m */; };
		A184241C192B3EAA001ED83E /* Images.xcassets in Resources */ = {isa = PBXBuildFile; fileRef = A184241B192B3EAA001ED83E /* Images.xcassets */; };
		A1842423192B3EAB001ED83E /* XCTest.framework in Frameworks */ = {isa = PBXBuildFile; fileRef = A1842422192B3EAB001ED83E /* XCTest.framework */; };
		A1842424192B3EAB001ED83E /* Foundation.framework in Frameworks */ = {isa = PBXBuildFile; fileRef = A1842409192B3EAA001ED83E /* Foundation.framework */; };
		A1842425192B3EAB001ED83E /* UIKit.framework in Frameworks */ = {isa = PBXBuildFile; fileRef = A184240D192B3EAA001ED83E /* UIKit.framework */; };
		A184242D192B3EAB001ED83E /* InfoPlist.strings in Resources */ = {isa = PBXBuildFile; fileRef = A184242B192B3EAB001ED83E /* InfoPlist.strings */; };
		A184242F192B3EAB001ED83E /* TabBarControllersTests.m in Sources */ = {isa = PBXBuildFile; fileRef = A184242E192B3EAB001ED83E /* TabBarControllersTests.m */; };
/* End PBXBuildFile section */

/* Begin PBXContainerItemProxy section */
		A1842426192B3EAB001ED83E /* PBXContainerItemProxy */ = {
			isa = PBXContainerItemProxy;
			containerPortal = A18423FE192B3EAA001ED83E /* Project object */;
			proxyType = 1;
			remoteGlobalIDString = A1842405192B3EAA001ED83E;
			remoteInfo = TabBarControllers;
		};
/* End PBXContainerItemProxy section */

/* Begin PBXFileReference section */
		A1842406192B3EAA001ED83E /* TabBarControllers.app */ = {isa = PBXFileReference; explicitFileType = wrapper.application; includeInIndex = 0; path = TabBarControllers.app; sourceTree = BUILT_PRODUCTS_DIR; };
		A1842409192B3EAA001ED83E /* Foundation.framework */ = {isa = PBXFileReference; lastKnownFileType = wrapper.framework; name = Foundation.framework; path = System/Library/Frameworks/Foundation.framework; sourceTree = SDKROOT; };
		A184240B192B3EAA001ED83E /* CoreGraphics.framework */ = {isa = PBXFileReference; lastKnownFileType = wrapper.framework; name = CoreGraphics.framework; path = System/Library/Frameworks/CoreGraphics.framework; sourceTree = SDKROOT; };
		A184240D192B3EAA001ED83E /* UIKit.framework */ = {isa = PBXFileReference; lastKnownFileType = wrapper.framework; name = UIKit.framework; path = System/Library/Frameworks/UIKit.framework; sourceTree = SDKROOT; };
		A1842411192B3EAA001ED83E /* TabBarControllers-Info.plist */ = {isa = PBXFileReference; lastKnownFileType = text.plist.xml; path = "TabBarControllers-Info.plist"; sourceTree = "<group>"; };
		A1842413192B3EAA001ED83E /* en */ = {isa = PBXFileReference; lastKnownFileType = text.plist.strings; name = en; path = en.lproj/InfoPlist.strings; sourceTree = "<group>"; };
		A1842415192B3EAA001ED83E /* main.m */ = {isa = PBXFileReference; lastKnownFileType = sourcecode.c.objc; path = main.m; sourceTree = "<group>"; };
		A1842417192B3EAA001ED83E /* TabBarControllers-Prefix.pch */ = {isa = PBXFileReference; lastKnownFileType = sourcecode.c.h; path = "TabBarControllers-Prefix.pch"; sourceTree = "<group>"; };
		A1842418192B3EAA001ED83E /* IHAppDelegate.h */ = {isa = PBXFileReference; lastKnownFileType = sourcecode.c.h; path = IHAppDelegate.h; sourceTree = "<group>"; };
		A1842419192B3EAA001ED83E /* IHAppDelegate.m */ = {isa = PBXFileReference; lastKnownFileType = sourcecode.c.objc; path = IHAppDelegate.m; sourceTree = "<group>"; };
		A184241B192B3EAA001ED83E /* Images.xcassets */ = {isa = PBXFileReference; lastKnownFileType = folder.assetcatalog; path = Images.xcassets; sourceTree = "<group>"; };
		A1842421192B3EAB001ED83E /* TabBarControllersTests.xctest */ = {isa = PBXFileReference; explicitFileType = wrapper.cfbundle; includeInIndex = 0; path = TabBarControllersTests.xctest; sourceTree = BUILT_PRODUCTS_DIR; };
		A1842422192B3EAB001ED83E /* XCTest.framework */ = {isa = PBXFileReference; lastKnownFileType = wrapper.framework; name = XCTest.framework; path = Library/Frameworks/XCTest.framework; sourceTree = DEVELOPER_DIR; };
		A184242A192B3EAB001ED83E /* TabBarControllersTests-Info.plist */ = {isa = PBXFileReference; lastKnownFileType = text.plist.xml; path = "TabBarControllersTests-Info.plist"; sourceTree = "<group>"; };
		A184242C192B3EAB001ED83E /* en */ = {isa = PBXFileReference; lastKnownFileType = text.plist.strings; name = en; path = en.lproj/InfoPlist.strings; sourceTree = "<group>"; };
		A184242E192B3EAB001ED83E /* TabBarControllersTests.m */ = {isa = PBXFileReference; lastKnownFileType = sourcecode.c.objc; path = TabBarControllersTests.m; sourceTree = "<group>"; };
/* End PBXFileReference section */

/* Begin PBXFrameworksBuildPhase section */
		A1842403192B3EAA001ED83E /* Frameworks */ = {
			isa = PBXFrameworksBuildPhase;
			buildActionMask = 2147483647;
			files = (
				A184240C192B3EAA001ED83E /* CoreGraphics.framework in Frameworks */,
				A184240E192B3EAA001ED83E /* UIKit.framework in Frameworks */,
				A184240A192B3EAA001ED83E /* Foundation.framework in Frameworks */,
			);
			runOnlyForDeploymentPostprocessing = 0;
		};
		A184241E192B3EAB001ED83E /* Frameworks */ = {
			isa = PBXFrameworksBuildPhase;
			buildActionMask = 2147483647;
			files = (
				A1842423192B3EAB001ED83E /* XCTest.framework in Frameworks */,
				A1842425192B3EAB001ED83E /* UIKit.framework in Frameworks */,
				A1842424192B3EAB001ED83E /* Foundation.framework in Frameworks */,
			);
			runOnlyForDeploymentPostprocessing = 0;
		};
/* End PBXFrameworksBuildPhase section */

/* Begin PBXGroup section */
		A18423FD192B3EAA001ED83E = {
			isa = PBXGroup;
			children = (
				A184240F192B3EAA001ED83E /* TabBarControllers */,
				A1842428192B3EAB001ED83E /* TabBarControllersTests */,
				A1842408192B3EAA001ED83E /* Frameworks */,
				A1842407192B3EAA001ED83E /* Products */,
			);
			sourceTree = "<group>";
		};
		A1842407192B3EAA001ED83E /* Products */ = {
			isa = PBXGroup;
			children = (
				A1842406192B3EAA001ED83E /* TabBarControllers.app */,
				A1842421192B3EAB001ED83E /* TabBarControllersTests.xctest */,
			);
			name = Products;
			sourceTree = "<group>";
		};
		A1842408192B3EAA001ED83E /* Frameworks */ = {
			isa = PBXGroup;
			children = (
				A1842409192B3EAA001ED83E /* Foundation.framework */,
				A184240B192B3EAA001ED83E /* CoreGraphics.framework */,
				A184240D192B3EAA001ED83E /* UIKit.framework */,
				A1842422192B3EAB001ED83E /* XCTest.framework */,
			);
			name = Frameworks;
			sourceTree = "<group>";
		};
		A184240F192B3EAA001ED83E /* TabBarControllers */ = {
			isa = PBXGroup;
			children = (
				A1842418192B3EAA001ED83E /* IHAppDelegate.h */,
				A1842419192B3EAA001ED83E /* IHAppDelegate.m */,
				A184241B192B3EAA001ED83E /* Images.xcassets */,
				A1842410192B3EAA001ED83E /* Supporting Files */,
			);
			path = TabBarControllers;
			sourceTree = "<group>";
		};
		A1842410192B3EAA001ED83E /* Supporting Files */ = {
			isa = PBXGroup;
			children = (
				A1842411192B3EAA001ED83E /* TabBarControllers-Info.plist */,
				A1842412192B3EAA001ED83E /* InfoPlist.strings */,
				A1842415192B3EAA001ED83E /* main.m */,
				A1842417192B3EAA001ED83E /* TabBarControllers-Prefix.pch */,
			);
			name = "Supporting Files";
			sourceTree = "<group>";
		};
		A1842428192B3EAB001ED83E /* TabBarControllersTests */ = {
			isa = PBXGroup;
			children = (
				A184242E192B3EAB001ED83E /* TabBarControllersTests.m */,
				A1842429192B3EAB001ED83E /* Supporting Files */,
			);
			path = TabBarControllersTests;
			sourceTree = "<group>";
		};
		A1842429192B3EAB001ED83E /* Supporting Files */ = {
			isa = PBXGroup;
			children = (
				A184242A192B3EAB001ED83E /* TabBarControllersTests-Info.plist */,
				A184242B192B3EAB001ED83E /* InfoPlist.strings */,
			);
			name = "Supporting Files";
			sourceTree = "<group>";
		};
/* End PBXGroup section */

/* Begin PBXNativeTarget section */
		A1842405192B3EAA001ED83E /* TabBarControllers */ = {
			isa = PBXNativeTarget;
			buildConfigurationList = A1842432192B3EAB001ED83E /* Build configuration list for PBXNativeTarget "TabBarControllers" */;
			buildPhases = (
				A1842402192B3EAA001ED83E /* Sources */,
				A1842403192B3EAA001ED83E /* Frameworks */,
				A1842404192B3EAA001ED83E /* Resources */,
			);
			buildRules = (
			);
			dependencies = (
			);
			name = TabBarControllers;
			productName = TabBarControllers;
			productReference = A1842406192B3EAA001ED83E /* TabBarControllers.app */;
			productType = "com.apple.product-type.application";
		};
		A1842420192B3EAB001ED83E /* TabBarControllersTests */ = {
			isa = PBXNativeTarget;
			buildConfigurationList = A1842435192B3EAB001ED83E /* Build configuration list for PBXNativeTarget "TabBarControllersTests" */;
			buildPhases = (
				A184241D192B3EAB001ED83E /* Sources */,
				A184241E192B3EAB001ED83E /* Frameworks */,
				A184241F192B3EAB001ED83E /* Resources */,
			);
			buildRules = (
			);
			dependencies = (
				A1842427192B3EAB001ED83E /* PBXTargetDependency */,
			);
			name = TabBarControllersTests;
			productName = TabBarControllersTests;
			productReference = A1842421192B3EAB001ED83E /* TabBarControllersTests.xctest */;
			productType = "com.apple.product-type.bundle.unit-test";
		};
/* End PBXNativeTarget section */

/* Begin PBXProject section */
		A18423FE192B3EAA001ED83E /* Project object */ = {
			isa = PBXProject;
			attributes = {
				CLASSPREFIX = IH;
				LastUpgradeCheck = 0510;
				ORGANIZATIONNAME = Ironhack;
				TargetAttributes = {
					A1842420192B3EAB001ED83E = {
						TestTargetID = A1842405192B3EAA001ED83E;
					};
				};
			};
			buildConfigurationList = A1842401192B3EAA001ED83E /* Build configuration list for PBXProject "TabBarControllers" */;
			compatibilityVersion = "Xcode 3.2";
			developmentRegion = English;
			hasScannedForEncodings = 0;
			knownRegions = (
				en,
			);
			mainGroup = A18423FD192B3EAA001ED83E;
			productRefGroup = A1842407192B3EAA001ED83E /* Products */;
			projectDirPath = "";
			projectRoot = "";
			targets = (
				A1842405192B3EAA001ED83E /* TabBarControllers */,
				A1842420192B3EAB001ED83E /* TabBarControllersTests */,
			);
		};
/* End PBXProject section */

/* Begin PBXResourcesBuildPhase section */
		A1842404192B3EAA001ED83E /* Resources */ = {
			isa = PBXResourcesBuildPhase;
			buildActionMask = 2147483647;
			files = (
				A1842414192B3EAA001ED83E /* InfoPlist.strings in Resources */,
				A184241C192B3EAA001ED83E /* Images.xcassets in Resources */,
			);
			runOnlyForDeploymentPostprocessing = 0;
		};
		A184241F192B3EAB001ED83E /* Resources */ = {
			isa = PBXResourcesBuildPhase;
			buildActionMask = 2147483647;
			files = (
				A184242D192B3EAB001ED83E /* InfoPlist.strings in Resources */,
			);
			runOnlyForDeploymentPostprocessing = 0;
		};
/* End PBXResourcesBuildPhase section */

/* Begin PBXSourcesBuildPhase section */
		A1842402192B3EAA001ED83E /* Sources */ = {
			isa = PBXSourcesBuildPhase;
			buildActionMask = 2147483647;
			files = (
				A1842416192B3EAA001ED83E /* main.m in Sources */,
				A184241A192B3EAA001ED83E /* IHAppDelegate.m in Sources */,
			);
			runOnlyForDeploymentPostprocessing = 0;
		};
		A184241D192B3EAB001ED83E /* Sources */ = {
			isa = PBXSourcesBuildPhase;
			buildActionMask = 2147483647;
			files = (
				A184242F192B3EAB001ED83E /* TabBarControllersTests.m in Sources */,
			);
			runOnlyForDeploymentPostprocessing = 0;
		};
/* End PBXSourcesBuildPhase section */

/* Begin PBXTargetDependency section */
		A1842427192B3EAB001ED83E /* PBXTargetDependency */ = {
			isa = PBXTargetDependency;
			target = A1842405192B3EAA001ED83E /* TabBarControllers */;
			targetProxy = A1842426192B3EAB001ED83E /* PBXContainerItemProxy */;
		};
/* End PBXTargetDependency section */

/* Begin PBXVariantGroup section */
		A1842412192B3EAA001ED83E /* InfoPlist.strings */ = {
			isa = PBXVariantGroup;
			children = (
				A1842413192B3EAA001ED83E /* en */,
			);
			name = InfoPlist.strings;
			sourceTree = "<group>";
		};
		A184242B192B3EAB001ED83E /* InfoPlist.strings */ = {
			isa = PBXVariantGroup;
			children = (
				A184242C192B3EAB001ED83E /* en */,
			);
			name = InfoPlist.strings;
			sourceTree = "<group>";
		};
/* End PBXVariantGroup section */

/* Begin XCBuildConfiguration section */
		A1842430192B3EAB001ED83E /* Debug */ = {
			isa = XCBuildConfiguration;
			buildSettings = {
				ALWAYS_SEARCH_USER_PATHS = NO;
				CLANG_CXX_LANGUAGE_STANDARD = "gnu++0x";
				CLANG_CXX_LIBRARY = "libc++";
				CLANG_ENABLE_MODULES = YES;
				CLANG_ENABLE_OBJC_ARC = YES;
				CLANG_WARN_BOOL_CONVERSION = YES;
				CLANG_WARN_CONSTANT_CONVERSION = YES;
				CLANG_WARN_DIRECT_OBJC_ISA_USAGE = YES_ERROR;
				CLANG_WARN_EMPTY_BODY = YES;
				CLANG_WARN_ENUM_CONVERSION = YES;
				CLANG_WARN_INT_CONVERSION = YES;
				CLANG_WARN_OBJC_ROOT_CLASS = YES_ERROR;
				CLANG_WARN__DUPLICATE_METHOD_MATCH = YES;
				"CODE_SIGN_IDENTITY[sdk=iphoneos*]" = "iPhone Developer";
				COPY_PHASE_STRIP = NO;
				GCC_C_LANGUAGE_STANDARD = gnu99;
				GCC_DYNAMIC_NO_PIC = NO;
				GCC_OPTIMIZATION_LEVEL = 0;
				GCC_PREPROCESSOR_DEFINITIONS = (
					"DEBUG=1",
					"$(inherited)",
				);
				GCC_SYMBOLS_PRIVATE_EXTERN = NO;
				GCC_WARN_64_TO_32_BIT_CONVERSION = YES;
				GCC_WARN_ABOUT_RETURN_TYPE = YES_ERROR;
				GCC_WARN_UNDECLARED_SELECTOR = YES;
				GCC_WARN_UNINITIALIZED_AUTOS = YES_AGGRESSIVE;
				GCC_WARN_UNUSED_FUNCTION = YES;
				GCC_WARN_UNUSED_VARIABLE = YES;
				IPHONEOS_DEPLOYMENT_TARGET = 7.1;
				ONLY_ACTIVE_ARCH = YES;
				SDKROOT = iphoneos;
			};
			name = Debug;
		};
		A1842431192B3EAB001ED83E /* Release */ = {
			isa = XCBuildConfiguration;
			buildSettings = {
				ALWAYS_SEARCH_USER_PATHS = NO;
				CLANG_CXX_LANGUAGE_STANDARD = "gnu++0x";
				CLANG_CXX_LIBRARY = "libc++";
				CLANG_ENABLE_MODULES = YES;
				CLANG_ENABLE_OBJC_ARC = YES;
				CLANG_WARN_BOOL_CONVERSION = YES;
				CLANG_WARN_CONSTANT_CONVERSION = YES;
				CLANG_WARN_DIRECT_OBJC_ISA_USAGE = YES_ERROR;
				CLANG_WARN_EMPTY_BODY = YES;
				CLANG_WARN_ENUM_CONVERSION = YES;
				CLANG_WARN_INT_CONVERSION = YES;
				CLANG_WARN_OBJC_ROOT_CLASS = YES_ERROR;
				CLANG_WARN__DUPLICATE_METHOD_MATCH = YES;
				"CODE_SIGN_IDENTITY[sdk=iphoneos*]" = "iPhone Developer";
				COPY_PHASE_STRIP = YES;
				ENABLE_NS_ASSERTIONS = NO;
				GCC_C_LANGUAGE_STANDARD = gnu99;
				GCC_WARN_64_TO_32_BIT_CONVERSION = YES;
				GCC_WARN_ABOUT_RETURN_TYPE = YES_ERROR;
				GCC_WARN_UNDECLARED_SELECTOR = YES;
				GCC_WARN_UNINITIALIZED_AUTOS = YES_AGGRESSIVE;
				GCC_WARN_UNUSED_FUNCTION = YES;
				GCC_WARN_UNUSED_VARIABLE = YES;
				IPHONEOS_DEPLOYMENT_TARGET = 7.1;
				SDKROOT = iphoneos;
				VALIDATE_PRODUCT = YES;
			};
			name = Release;
		};
		A1842433192B3EAB001ED83E /* Debug */ = {
			isa = XCBuildConfiguration;
			buildSettings = {
				ASSETCATALOG_COMPILER_APPICON_NAME = AppIcon;
				ASSETCATALOG_COMPILER_LAUNCHIMAGE_NAME = LaunchImage;
				GCC_PRECOMPILE_PREFIX_HEADER = YES;
				GCC_PREFIX_HEADER = "TabBarControllers/TabBarControllers-Prefix.pch";
				INFOPLIST_FILE = "TabBarControllers/TabBarControllers-Info.plist";
				PRODUCT_NAME = "$(TARGET_NAME)";
				WRAPPER_EXTENSION = app;
			};
			name = Debug;
		};
		A1842434192B3EAB001ED83E /* Release */ = {
			isa = XCBuildConfiguration;
			buildSettings = {
				ASSETCATALOG_COMPILER_APPICON_NAME = AppIcon;
				ASSETCATALOG_COMPILER_LAUNCHIMAGE_NAME = LaunchImage;
				GCC_PRECOMPILE_PREFIX_HEADER = YES;
				GCC_PREFIX_HEADER = "TabBarControllers/TabBarControllers-Prefix.pch";
				INFOPLIST_FILE = "TabBarControllers/TabBarControllers-Info.plist";
				PRODUCT_NAME = "$(TARGET_NAME)";
				WRAPPER_EXTENSION = app;
			};
			name = Release;
		};
		A1842436192B3EAB001ED83E /* Debug */ = {
			isa = XCBuildConfiguration;
			buildSettings = {
				BUNDLE_LOADER = "$(BUILT_PRODUCTS_DIR)/TabBarControllers.app/TabBarControllers";
				FRAMEWORK_SEARCH_PATHS = (
					"$(SDKROOT)/Developer/Library/Frameworks",
					"$(inherited)",
					"$(DEVELOPER_FRAMEWORKS_DIR)",
				);
				GCC_PRECOMPILE_PREFIX_HEADER = YES;
				GCC_PREFIX_HEADER = "TabBarControllers/TabBarControllers-Prefix.pch";
				GCC_PREPROCESSOR_DEFINITIONS = (
					"DEBUG=1",
					"$(inherited)",
				);
				INFOPLIST_FILE = "TabBarControllersTests/TabBarControllersTests-Info.plist";
				PRODUCT_NAME = "$(TARGET_NAME)";
				TEST_HOST = "$(BUNDLE_LOADER)";
				WRAPPER_EXTENSION = xctest;
			};
			name = Debug;
		};
		A1842437192B3EAB001ED83E /* Release */ = {
			isa = XCBuildConfiguration;
			buildSettings = {
				BUNDLE_LOADER = "$(BUILT_PRODUCTS_DIR)/TabBarControllers.app/TabBarControllers";
				FRAMEWORK_SEARCH_PATHS = (
					"$(SDKROOT)/Developer/Library/Frameworks",
					"$(inherited)",
					"$(DEVELOPER_FRAMEWORKS_DIR)",
				);
				GCC_PRECOMPILE_PREFIX_HEADER = YES;
				GCC_PREFIX_HEADER = "TabBarControllers/TabBarControllers-Prefix.pch";
				INFOPLIST_FILE = "TabBarControllersTests/TabBarControllersTests-Info.plist";
				PRODUCT_NAME = "$(TARGET_NAME)";
				TEST_HOST = "$(BUNDLE_LOADER)";
				WRAPPER_EXTENSION = xctest;
			};
			name = Release;
		};
/* End XCBuildConfiguration section */

/* Begin XCConfigurationList section */
		A1842401192B3EAA001ED83E /* Build configuration list for PBXProject "TabBarControllers" */ = {
			isa = XCConfigurationList;
			buildConfigurations = (
				A1842430192B3EAB001ED83E /* Debug */,
				A1842431192B3EAB001ED83E /* Release */,
			);
			defaultConfigurationIsVisible = 0;
			defaultConfigurationName = Release;
		};
		A1842432192B3EAB001ED83E /* Build configuration list for PBXNativeTarget "TabBarControllers" */ = {
			isa = XCConfigurationList;
			buildConfigurations = (
				A1842433192B3EAB001ED83E /* Debug */,
				A1842434192B3EAB001ED83E /* Release */,
			);
			defaultConfigurationIsVisible = 0;
		};
		A1842435192B3EAB001ED83E /* Build configuration list for PBXNativeTarget "TabBarControllersTests" */ = {
			isa = XCConfigurationList;
			buildConfigurations = (
				A1842436192B3EAB001ED83E /* Debug */,
				A1842437192B3EAB001ED83E /* Release */,
			);
			defaultConfigurationIsVisible = 0;
		};
/* End XCConfigurationList section */
	};
	rootObject = A18423FE192B3EAA001ED83E /* Project object */;
}
