// !$*UTF8*$!
{
	archiveVersion = 1;
	classes = {
	};
	objectVersion = 46;
	objects = {

/* Begin PBXBuildFile section */
		A18423C9192B349F001ED83E /* Foundation.framework in Frameworks */ = {isa = PBXBuildFile; fileRef = A18423C8192B349F001ED83E /* Foundation.framework */; };
		A18423CB192B349F001ED83E /* CoreGraphics.framework in Frameworks */ = {isa = PBXBuildFile; fileRef = A18423CA192B349F001ED83E /* CoreGraphics.framework */; };
		A18423CD192B349F001ED83E /* UIKit.framework in Frameworks */ = {isa = PBXBuildFile; fileRef = A18423CC192B349F001ED83E /* UIKit.framework */; };
		A18423D3192B349F001ED83E /* InfoPlist.strings in Resources */ = {isa = PBXBuildFile; fileRef = A18423D1192B349F001ED83E /* InfoPlist.strings */; };
		A18423D5192B349F001ED83E /* main.m in Sources */ = {isa = PBXBuildFile; fileRef = A18423D4192B349F001ED83E /* main.m */; };
		A18423D9192B349F001ED83E /* IHAppDelegate.m in Sources */ = {isa = PBXBuildFile; fileRef = A18423D8192B349F001ED83E /* IHAppDelegate.m */; };
		A18423DB192B349F001ED83E /* Images.xcassets in Resources */ = {isa = PBXBuildFile; fileRef = A18423DA192B349F001ED83E /* Images.xcassets */; };
		A18423E2192B34A0001ED83E /* XCTest.framework in Frameworks */ = {isa = PBXBuildFile; fileRef = A18423E1192B34A0001ED83E /* XCTest.framework */; };
		A18423E3192B34A0001ED83E /* Foundation.framework in Frameworks */ = {isa = PBXBuildFile; fileRef = A18423C8192B349F001ED83E /* Foundation.framework */; };
		A18423E4192B34A0001ED83E /* UIKit.framework in Frameworks */ = {isa = PBXBuildFile; fileRef = A18423CC192B349F001ED83E /* UIKit.framework */; };
		A18423EC192B34A0001ED83E /* InfoPlist.strings in Resources */ = {isa = PBXBuildFile; fileRef = A18423EA192B34A0001ED83E /* InfoPlist.strings */; };
		A18423EE192B34A0001ED83E /* NavigationControllersTests.m in Sources */ = {isa = PBXBuildFile; fileRef = A18423ED192B34A0001ED83E /* NavigationControllersTests.m */; };
/* End PBXBuildFile section */

/* Begin PBXContainerItemProxy section */
		A18423E5192B34A0001ED83E /* PBXContainerItemProxy */ = {
			isa = PBXContainerItemProxy;
			containerPortal = A18423BD192B349F001ED83E /* Project object */;
			proxyType = 1;
			remoteGlobalIDString = A18423C4192B349F001ED83E;
			remoteInfo = NavigationControllers;
		};
/* End PBXContainerItemProxy section */

/* Begin PBXFileReference section */
		A18423C5192B349F001ED83E /* NavigationControllers.app */ = {isa = PBXFileReference; explicitFileType = wrapper.application; includeInIndex = 0; path = NavigationControllers.app; sourceTree = BUILT_PRODUCTS_DIR; };
		A18423C8192B349F001ED83E /* Foundation.framework */ = {isa = PBXFileReference; lastKnownFileType = wrapper.framework; name = Foundation.framework; path = System/Library/Frameworks/Foundation.framework; sourceTree = SDKROOT; };
		A18423CA192B349F001ED83E /* CoreGraphics.framework */ = {isa = PBXFileReference; lastKnownFileType = wrapper.framework; name = CoreGraphics.framework; path = System/Library/Frameworks/CoreGraphics.framework; sourceTree = SDKROOT; };
		A18423CC192B349F001ED83E /* UIKit.framework */ = {isa = PBXFileReference; lastKnownFileType = wrapper.framework; name = UIKit.framework; path = System/Library/Frameworks/UIKit.framework; sourceTree = SDKROOT; };
		A18423D0192B349F001ED83E /* NavigationControllers-Info.plist */ = {isa = PBXFileReference; lastKnownFileType = text.plist.xml; path = "NavigationControllers-Info.plist"; sourceTree = "<group>"; };
		A18423D2192B349F001ED83E /* en */ = {isa = PBXFileReference; lastKnownFileType = text.plist.strings; name = en; path = en.lproj/InfoPlist.strings; sourceTree = "<group>"; };
		A18423D4192B349F001ED83E /* main.m */ = {isa = PBXFileReference; lastKnownFileType = sourcecode.c.objc; path = main.m; sourceTree = "<group>"; };
		A18423D6192B349F001ED83E /* NavigationControllers-Prefix.pch */ = {isa = PBXFileReference; lastKnownFileType = sourcecode.c.h; path = "NavigationControllers-Prefix.pch"; sourceTree = "<group>"; };
		A18423D7192B349F001ED83E /* IHAppDelegate.h */ = {isa = PBXFileReference; lastKnownFileType = sourcecode.c.h; path = IHAppDelegate.h; sourceTree = "<group>"; };
		A18423D8192B349F001ED83E /* IHAppDelegate.m */ = {isa = PBXFileReference; lastKnownFileType = sourcecode.c.objc; path = IHAppDelegate.m; sourceTree = "<group>"; };
		A18423DA192B349F001ED83E /* Images.xcassets */ = {isa = PBXFileReference; lastKnownFileType = folder.assetcatalog; path = Images.xcassets; sourceTree = "<group>"; };
		A18423E0192B34A0001ED83E /* NavigationControllersTests.xctest */ = {isa = PBXFileReference; explicitFileType = wrapper.cfbundle; includeInIndex = 0; path = NavigationControllersTests.xctest; sourceTree = BUILT_PRODUCTS_DIR; };
		A18423E1192B34A0001ED83E /* XCTest.framework */ = {isa = PBXFileReference; lastKnownFileType = wrapper.framework; name = XCTest.framework; path = Library/Frameworks/XCTest.framework; sourceTree = DEVELOPER_DIR; };
		A18423E9192B34A0001ED83E /* NavigationControllersTests-Info.plist */ = {isa = PBXFileReference; lastKnownFileType = text.plist.xml; path = "NavigationControllersTests-Info.plist"; sourceTree = "<group>"; };
		A18423EB192B34A0001ED83E /* en */ = {isa = PBXFileReference; lastKnownFileType = text.plist.strings; name = en; path = en.lproj/InfoPlist.strings; sourceTree = "<group>"; };
		A18423ED192B34A0001ED83E /* NavigationControllersTests.m */ = {isa = PBXFileReference; lastKnownFileType = sourcecode.c.objc; path = NavigationControllersTests.m; sourceTree = "<group>"; };
/* End PBXFileReference section */

/* Begin PBXFrameworksBuildPhase section */
		A18423C2192B349F001ED83E /* Frameworks */ = {
			isa = PBXFrameworksBuildPhase;
			buildActionMask = 2147483647;
			files = (
				A18423CB192B349F001ED83E /* CoreGraphics.framework in Frameworks */,
				A18423CD192B349F001ED83E /* UIKit.framework in Frameworks */,
				A18423C9192B349F001ED83E /* Foundation.framework in Frameworks */,
			);
			runOnlyForDeploymentPostprocessing = 0;
		};
		A18423DD192B34A0001ED83E /* Frameworks */ = {
			isa = PBXFrameworksBuildPhase;
			buildActionMask = 2147483647;
			files = (
				A18423E2192B34A0001ED83E /* XCTest.framework in Frameworks */,
				A18423E4192B34A0001ED83E /* UIKit.framework in Frameworks */,
				A18423E3192B34A0001ED83E /* Foundation.framework in Frameworks */,
			);
			runOnlyForDeploymentPostprocessing = 0;
		};
/* End PBXFrameworksBuildPhase section */

/* Begin PBXGroup section */
		A18423BC192B349F001ED83E = {
			isa = PBXGroup;
			children = (
				A18423CE192B349F001ED83E /* NavigationControllers */,
				A18423E7192B34A0001ED83E /* NavigationControllersTests */,
				A18423C7192B349F001ED83E /* Frameworks */,
				A18423C6192B349F001ED83E /* Products */,
			);
			sourceTree = "<group>";
		};
		A18423C6192B349F001ED83E /* Products */ = {
			isa = PBXGroup;
			children = (
				A18423C5192B349F001ED83E /* NavigationControllers.app */,
				A18423E0192B34A0001ED83E /* NavigationControllersTests.xctest */,
			);
			name = Products;
			sourceTree = "<group>";
		};
		A18423C7192B349F001ED83E /* Frameworks */ = {
			isa = PBXGroup;
			children = (
				A18423C8192B349F001ED83E /* Foundation.framework */,
				A18423CA192B349F001ED83E /* CoreGraphics.framework */,
				A18423CC192B349F001ED83E /* UIKit.framework */,
				A18423E1192B34A0001ED83E /* XCTest.framework */,
			);
			name = Frameworks;
			sourceTree = "<group>";
		};
		A18423CE192B349F001ED83E /* NavigationControllers */ = {
			isa = PBXGroup;
			children = (
				A18423D7192B349F001ED83E /* IHAppDelegate.h */,
				A18423D8192B349F001ED83E /* IHAppDelegate.m */,
				A18423DA192B349F001ED83E /* Images.xcassets */,
				A18423CF192B349F001ED83E /* Supporting Files */,
			);
			path = NavigationControllers;
			sourceTree = "<group>";
		};
		A18423CF192B349F001ED83E /* Supporting Files */ = {
			isa = PBXGroup;
			children = (
				A18423D0192B349F001ED83E /* NavigationControllers-Info.plist */,
				A18423D1192B349F001ED83E /* InfoPlist.strings */,
				A18423D4192B349F001ED83E /* main.m */,
				A18423D6192B349F001ED83E /* NavigationControllers-Prefix.pch */,
			);
			name = "Supporting Files";
			sourceTree = "<group>";
		};
		A18423E7192B34A0001ED83E /* NavigationControllersTests */ = {
			isa = PBXGroup;
			children = (
				A18423ED192B34A0001ED83E /* NavigationControllersTests.m */,
				A18423E8192B34A0001ED83E /* Supporting Files */,
			);
			path = NavigationControllersTests;
			sourceTree = "<group>";
		};
		A18423E8192B34A0001ED83E /* Supporting Files */ = {
			isa = PBXGroup;
			children = (
				A18423E9192B34A0001ED83E /* NavigationControllersTests-Info.plist */,
				A18423EA192B34A0001ED83E /* InfoPlist.strings */,
			);
			name = "Supporting Files";
			sourceTree = "<group>";
		};
/* End PBXGroup section */

/* Begin PBXNativeTarget section */
		A18423C4192B349F001ED83E /* NavigationControllers */ = {
			isa = PBXNativeTarget;
			buildConfigurationList = A18423F1192B34A0001ED83E /* Build configuration list for PBXNativeTarget "NavigationControllers" */;
			buildPhases = (
				A18423C1192B349F001ED83E /* Sources */,
				A18423C2192B349F001ED83E /* Frameworks */,
				A18423C3192B349F001ED83E /* Resources */,
			);
			buildRules = (
			);
			dependencies = (
			);
			name = NavigationControllers;
			productName = NavigationControllers;
			productReference = A18423C5192B349F001ED83E /* NavigationControllers.app */;
			productType = "com.apple.product-type.application";
		};
		A18423DF192B34A0001ED83E /* NavigationControllersTests */ = {
			isa = PBXNativeTarget;
			buildConfigurationList = A18423F4192B34A0001ED83E /* Build configuration list for PBXNativeTarget "NavigationControllersTests" */;
			buildPhases = (
				A18423DC192B34A0001ED83E /* Sources */,
				A18423DD192B34A0001ED83E /* Frameworks */,
				A18423DE192B34A0001ED83E /* Resources */,
			);
			buildRules = (
			);
			dependencies = (
				A18423E6192B34A0001ED83E /* PBXTargetDependency */,
			);
			name = NavigationControllersTests;
			productName = NavigationControllersTests;
			productReference = A18423E0192B34A0001ED83E /* NavigationControllersTests.xctest */;
			productType = "com.apple.product-type.bundle.unit-test";
		};
/* End PBXNativeTarget section */

/* Begin PBXProject section */
		A18423BD192B349F001ED83E /* Project object */ = {
			isa = PBXProject;
			attributes = {
				CLASSPREFIX = IH;
				LastUpgradeCheck = 0510;
				ORGANIZATIONNAME = Ironhack;
				TargetAttributes = {
					A18423DF192B34A0001ED83E = {
						TestTargetID = A18423C4192B349F001ED83E;
					};
				};
			};
			buildConfigurationList = A18423C0192B349F001ED83E /* Build configuration list for PBXProject "NavigationControllers" */;
			compatibilityVersion = "Xcode 3.2";
			developmentRegion = English;
			hasScannedForEncodings = 0;
			knownRegions = (
				en,
			);
			mainGroup = A18423BC192B349F001ED83E;
			productRefGroup = A18423C6192B349F001ED83E /* Products */;
			projectDirPath = "";
			projectRoot = "";
			targets = (
				A18423C4192B349F001ED83E /* NavigationControllers */,
				A18423DF192B34A0001ED83E /* NavigationControllersTests */,
			);
		};
/* End PBXProject section */

/* Begin PBXResourcesBuildPhase section */
		A18423C3192B349F001ED83E /* Resources */ = {
			isa = PBXResourcesBuildPhase;
			buildActionMask = 2147483647;
			files = (
				A18423D3192B349F001ED83E /* InfoPlist.strings in Resources */,
				A18423DB192B349F001ED83E /* Images.xcassets in Resources */,
			);
			runOnlyForDeploymentPostprocessing = 0;
		};
		A18423DE192B34A0001ED83E /* Resources */ = {
			isa = PBXResourcesBuildPhase;
			buildActionMask = 2147483647;
			files = (
				A18423EC192B34A0001ED83E /* InfoPlist.strings in Resources */,
			);
			runOnlyForDeploymentPostprocessing = 0;
		};
/* End PBXResourcesBuildPhase section */

/* Begin PBXSourcesBuildPhase section */
		A18423C1192B349F001ED83E /* Sources */ = {
			isa = PBXSourcesBuildPhase;
			buildActionMask = 2147483647;
			files = (
				A18423D5192B349F001ED83E /* main.m in Sources */,
				A18423D9192B349F001ED83E /* IHAppDelegate.m in Sources */,
			);
			runOnlyForDeploymentPostprocessing = 0;
		};
		A18423DC192B34A0001ED83E /* Sources */ = {
			isa = PBXSourcesBuildPhase;
			buildActionMask = 2147483647;
			files = (
				A18423EE192B34A0001ED83E /* NavigationControllersTests.m in Sources */,
			);
			runOnlyForDeploymentPostprocessing = 0;
		};
/* End PBXSourcesBuildPhase section */

/* Begin PBXTargetDependency section */
		A18423E6192B34A0001ED83E /* PBXTargetDependency */ = {
			isa = PBXTargetDependency;
			target = A18423C4192B349F001ED83E /* NavigationControllers */;
			targetProxy = A18423E5192B34A0001ED83E /* PBXContainerItemProxy */;
		};
/* End PBXTargetDependency section */

/* Begin PBXVariantGroup section */
		A18423D1192B349F001ED83E /* InfoPlist.strings */ = {
			isa = PBXVariantGroup;
			children = (
				A18423D2192B349F001ED83E /* en */,
			);
			name = InfoPlist.strings;
			sourceTree = "<group>";
		};
		A18423EA192B34A0001ED83E /* InfoPlist.strings */ = {
			isa = PBXVariantGroup;
			children = (
				A18423EB192B34A0001ED83E /* en */,
			);
			name = InfoPlist.strings;
			sourceTree = "<group>";
		};
/* End PBXVariantGroup section */

/* Begin XCBuildConfiguration section */
		A18423EF192B34A0001ED83E /* Debug */ = {
			isa = XCBuildConfiguration;
			buildSettings = {
				ALWAYS_SEARCH_USER_PATHS = NO;
				CLANG_CXX_LANGUAGE_STANDARD = "gnu++0x";
				CLANG_CXX_LIBRARY = "libc++";
				CLANG_ENABLE_MODULES = YES;
				CLANG_ENABLE_OBJC_ARC = YES;
				CLANG_WARN_BOOL_CONVERSION = YES;
				CLANG_WARN_CONSTANT_CONVERSION = YES;
				CLANG_WARN_DIRECT_OBJC_ISA_USAGE = YES_ERROR;
				CLANG_WARN_EMPTY_BODY = YES;
				CLANG_WARN_ENUM_CONVERSION = YES;
				CLANG_WARN_INT_CONVERSION = YES;
				CLANG_WARN_OBJC_ROOT_CLASS = YES_ERROR;
				CLANG_WARN__DUPLICATE_METHOD_MATCH = YES;
				"CODE_SIGN_IDENTITY[sdk=iphoneos*]" = "iPhone Developer";
				COPY_PHASE_STRIP = NO;
				GCC_C_LANGUAGE_STANDARD = gnu99;
				GCC_DYNAMIC_NO_PIC = NO;
				GCC_OPTIMIZATION_LEVEL = 0;
				GCC_PREPROCESSOR_DEFINITIONS = (
					"DEBUG=1",
					"$(inherited)",
				);
				GCC_SYMBOLS_PRIVATE_EXTERN = NO;
				GCC_WARN_64_TO_32_BIT_CONVERSION = YES;
				GCC_WARN_ABOUT_RETURN_TYPE = YES_ERROR;
				GCC_WARN_UNDECLARED_SELECTOR = YES;
				GCC_WARN_UNINITIALIZED_AUTOS = YES_AGGRESSIVE;
				GCC_WARN_UNUSED_FUNCTION = YES;
				GCC_WARN_UNUSED_VARIABLE = YES;
				IPHONEOS_DEPLOYMENT_TARGET = 7.1;
				ONLY_ACTIVE_ARCH = YES;
				SDKROOT = iphoneos;
				TARGETED_DEVICE_FAMILY = 2;
			};
			name = Debug;
		};
		A18423F0192B34A0001ED83E /* Release */ = {
			isa = XCBuildConfiguration;
			buildSettings = {
				ALWAYS_SEARCH_USER_PATHS = NO;
				CLANG_CXX_LANGUAGE_STANDARD = "gnu++0x";
				CLANG_CXX_LIBRARY = "libc++";
				CLANG_ENABLE_MODULES = YES;
				CLANG_ENABLE_OBJC_ARC = YES;
				CLANG_WARN_BOOL_CONVERSION = YES;
				CLANG_WARN_CONSTANT_CONVERSION = YES;
				CLANG_WARN_DIRECT_OBJC_ISA_USAGE = YES_ERROR;
				CLANG_WARN_EMPTY_BODY = YES;
				CLANG_WARN_ENUM_CONVERSION = YES;
				CLANG_WARN_INT_CONVERSION = YES;
				CLANG_WARN_OBJC_ROOT_CLASS = YES_ERROR;
				CLANG_WARN__DUPLICATE_METHOD_MATCH = YES;
				"CODE_SIGN_IDENTITY[sdk=iphoneos*]" = "iPhone Developer";
				COPY_PHASE_STRIP = YES;
				ENABLE_NS_ASSERTIONS = NO;
				GCC_C_LANGUAGE_STANDARD = gnu99;
				GCC_WARN_64_TO_32_BIT_CONVERSION = YES;
				GCC_WARN_ABOUT_RETURN_TYPE = YES_ERROR;
				GCC_WARN_UNDECLARED_SELECTOR = YES;
				GCC_WARN_UNINITIALIZED_AUTOS = YES_AGGRESSIVE;
				GCC_WARN_UNUSED_FUNCTION = YES;
				GCC_WARN_UNUSED_VARIABLE = YES;
				IPHONEOS_DEPLOYMENT_TARGET = 7.1;
				SDKROOT = iphoneos;
				TARGETED_DEVICE_FAMILY = 2;
				VALIDATE_PRODUCT = YES;
			};
			name = Release;
		};
		A18423F2192B34A0001ED83E /* Debug */ = {
			isa = XCBuildConfiguration;
			buildSettings = {
				ASSETCATALOG_COMPILER_APPICON_NAME = AppIcon;
				ASSETCATALOG_COMPILER_LAUNCHIMAGE_NAME = LaunchImage;
				GCC_PRECOMPILE_PREFIX_HEADER = YES;
				GCC_PREFIX_HEADER = "NavigationControllers/NavigationControllers-Prefix.pch";
				INFOPLIST_FILE = "NavigationControllers/NavigationControllers-Info.plist";
				PRODUCT_NAME = "$(TARGET_NAME)";
				WRAPPER_EXTENSION = app;
			};
			name = Debug;
		};
		A18423F3192B34A0001ED83E /* Release */ = {
			isa = XCBuildConfiguration;
			buildSettings = {
				ASSETCATALOG_COMPILER_APPICON_NAME = AppIcon;
				ASSETCATALOG_COMPILER_LAUNCHIMAGE_NAME = LaunchImage;
				GCC_PRECOMPILE_PREFIX_HEADER = YES;
				GCC_PREFIX_HEADER = "NavigationControllers/NavigationControllers-Prefix.pch";
				INFOPLIST_FILE = "NavigationControllers/NavigationControllers-Info.plist";
				PRODUCT_NAME = "$(TARGET_NAME)";
				WRAPPER_EXTENSION = app;
			};
			name = Release;
		};
		A18423F5192B34A0001ED83E /* Debug */ = {
			isa = XCBuildConfiguration;
			buildSettings = {
				BUNDLE_LOADER = "$(BUILT_PRODUCTS_DIR)/NavigationControllers.app/NavigationControllers";
				FRAMEWORK_SEARCH_PATHS = (
					"$(SDKROOT)/Developer/Library/Frameworks",
					"$(inherited)",
					"$(DEVELOPER_FRAMEWORKS_DIR)",
				);
				GCC_PRECOMPILE_PREFIX_HEADER = YES;
				GCC_PREFIX_HEADER = "NavigationControllers/NavigationControllers-Prefix.pch";
				GCC_PREPROCESSOR_DEFINITIONS = (
					"DEBUG=1",
					"$(inherited)",
				);
				INFOPLIST_FILE = "NavigationControllersTests/NavigationControllersTests-Info.plist";
				PRODUCT_NAME = "$(TARGET_NAME)";
				TEST_HOST = "$(BUNDLE_LOADER)";
				WRAPPER_EXTENSION = xctest;
			};
			name = Debug;
		};
		A18423F6192B34A0001ED83E /* Release */ = {
			isa = XCBuildConfiguration;
			buildSettings = {
				BUNDLE_LOADER = "$(BUILT_PRODUCTS_DIR)/NavigationControllers.app/NavigationControllers";
				FRAMEWORK_SEARCH_PATHS = (
					"$(SDKROOT)/Developer/Library/Frameworks",
					"$(inherited)",
					"$(DEVELOPER_FRAMEWORKS_DIR)",
				);
				GCC_PRECOMPILE_PREFIX_HEADER = YES;
				GCC_PREFIX_HEADER = "NavigationControllers/NavigationControllers-Prefix.pch";
				INFOPLIST_FILE = "NavigationControllersTests/NavigationControllersTests-Info.plist";
				PRODUCT_NAME = "$(TARGET_NAME)";
				TEST_HOST = "$(BUNDLE_LOADER)";
				WRAPPER_EXTENSION = xctest;
			};
			name = Release;
		};
/* End XCBuildConfiguration section */

/* Begin XCConfigurationList section */
		A18423C0192B349F001ED83E /* Build configuration list for PBXProject "NavigationControllers" */ = {
			isa = XCConfigurationList;
			buildConfigurations = (
				A18423EF192B34A0001ED83E /* Debug */,
				A18423F0192B34A0001ED83E /* Release */,
			);
			defaultConfigurationIsVisible = 0;
			defaultConfigurationName = Release;
		};
		A18423F1192B34A0001ED83E /* Build configuration list for PBXNativeTarget "NavigationControllers" */ = {
			isa = XCConfigurationList;
			buildConfigurations = (
				A18423F2192B34A0001ED83E /* Debug */,
				A18423F3192B34A0001ED83E /* Release */,
			);
			defaultConfigurationIsVisible = 0;
			defaultConfigurationName = Release;
		};
		A18423F4192B34A0001ED83E /* Build configuration list for PBXNativeTarget "NavigationControllersTests" */ = {
			isa = XCConfigurationList;
			buildConfigurations = (
				A18423F5192B34A0001ED83E /* Debug */,
				A18423F6192B34A0001ED83E /* Release */,
			);
			defaultConfigurationIsVisible = 0;
			defaultConfigurationName = Release;
		};
/* End XCConfigurationList section */
	};
	rootObject = A18423BD192B349F001ED83E /* Project object */;
}
