// !$*UTF8*$!
{
	archiveVersion = 1;
	classes = {
	};
	objectVersion = 46;
	objects = {

/* Begin PBXBuildFile section */
		A1B403411933249400F626DE /* Foundation.framework in Frameworks */ = {isa = PBXBuildFile; fileRef = A1B403401933249400F626DE /* Foundation.framework */; };
		A1B403431933249400F626DE /* CoreGraphics.framework in Frameworks */ = {isa = PBXBuildFile; fileRef = A1B403421933249400F626DE /* CoreGraphics.framework */; };
		A1B403451933249400F626DE /* UIKit.framework in Frameworks */ = {isa = PBXBuildFile; fileRef = A1B403441933249400F626DE /* UIKit.framework */; };
		A1B4034B1933249400F626DE /* InfoPlist.strings in Resources */ = {isa = PBXBuildFile; fileRef = A1B403491933249400F626DE /* InfoPlist.strings */; };
		A1B4034D1933249400F626DE /* main.m in Sources */ = {isa = PBXBuildFile; fileRef = A1B4034C1933249400F626DE /* main.m */; };
		A1B403511933249400F626DE /* IHAppDelegate.m in Sources */ = {isa = PBXBuildFile; fileRef = A1B403501933249400F626DE /* IHAppDelegate.m */; };
		A1B403541933249400F626DE /* Main.storyboard in Resources */ = {isa = PBXBuildFile; fileRef = A1B403521933249400F626DE /* Main.storyboard */; };
		A1B403571933249400F626DE /* IHViewController.m in Sources */ = {isa = PBXBuildFile; fileRef = A1B403561933249400F626DE /* IHViewController.m */; };
		A1B403591933249400F626DE /* Images.xcassets in Resources */ = {isa = PBXBuildFile; fileRef = A1B403581933249400F626DE /* Images.xcassets */; };
		A1B403601933249400F626DE /* XCTest.framework in Frameworks */ = {isa = PBXBuildFile; fileRef = A1B4035F1933249400F626DE /* XCTest.framework */; };
		A1B403611933249400F626DE /* Foundation.framework in Frameworks */ = {isa = PBXBuildFile; fileRef = A1B403401933249400F626DE /* Foundation.framework */; };
		A1B403621933249400F626DE /* UIKit.framework in Frameworks */ = {isa = PBXBuildFile; fileRef = A1B403441933249400F626DE /* UIKit.framework */; };
		A1B4036A1933249400F626DE /* InfoPlist.strings in Resources */ = {isa = PBXBuildFile; fileRef = A1B403681933249400F626DE /* InfoPlist.strings */; };
		A1B4036C1933249400F626DE /* PaginationTests.m in Sources */ = {isa = PBXBuildFile; fileRef = A1B4036B1933249400F626DE /* PaginationTests.m */; };
/* End PBXBuildFile section */

/* Begin PBXContainerItemProxy section */
		A1B403631933249400F626DE /* PBXContainerItemProxy */ = {
			isa = PBXContainerItemProxy;
			containerPortal = A1B403351933249400F626DE /* Project object */;
			proxyType = 1;
			remoteGlobalIDString = A1B4033C1933249400F626DE;
			remoteInfo = Pagination;
		};
/* End PBXContainerItemProxy section */

/* Begin PBXFileReference section */
		A1B4033D1933249400F626DE /* Pagination.app */ = {isa = PBXFileReference; explicitFileType = wrapper.application; includeInIndex = 0; path = Pagination.app; sourceTree = BUILT_PRODUCTS_DIR; };
		A1B403401933249400F626DE /* Foundation.framework */ = {isa = PBXFileReference; lastKnownFileType = wrapper.framework; name = Foundation.framework; path = System/Library/Frameworks/Foundation.framework; sourceTree = SDKROOT; };
		A1B403421933249400F626DE /* CoreGraphics.framework */ = {isa = PBXFileReference; lastKnownFileType = wrapper.framework; name = CoreGraphics.framework; path = System/Library/Frameworks/CoreGraphics.framework; sourceTree = SDKROOT; };
		A1B403441933249400F626DE /* UIKit.framework */ = {isa = PBXFileReference; lastKnownFileType = wrapper.framework; name = UIKit.framework; path = System/Library/Frameworks/UIKit.framework; sourceTree = SDKROOT; };
		A1B403481933249400F626DE /* Pagination-Info.plist */ = {isa = PBXFileReference; lastKnownFileType = text.plist.xml; path = "Pagination-Info.plist"; sourceTree = "<group>"; };
		A1B4034A1933249400F626DE /* en */ = {isa = PBXFileReference; lastKnownFileType = text.plist.strings; name = en; path = en.lproj/InfoPlist.strings; sourceTree = "<group>"; };
		A1B4034C1933249400F626DE /* main.m */ = {isa = PBXFileReference; lastKnownFileType = sourcecode.c.objc; path = main.m; sourceTree = "<group>"; };
		A1B4034E1933249400F626DE /* Pagination-Prefix.pch */ = {isa = PBXFileReference; lastKnownFileType = sourcecode.c.h; path = "Pagination-Prefix.pch"; sourceTree = "<group>"; };
		A1B4034F1933249400F626DE /* IHAppDelegate.h */ = {isa = PBXFileReference; lastKnownFileType = sourcecode.c.h; path = IHAppDelegate.h; sourceTree = "<group>"; };
		A1B403501933249400F626DE /* IHAppDelegate.m */ = {isa = PBXFileReference; lastKnownFileType = sourcecode.c.objc; path = IHAppDelegate.m; sourceTree = "<group>"; };
		A1B403531933249400F626DE /* Base */ = {isa = PBXFileReference; lastKnownFileType = file.storyboard; name = Base; path = Base.lproj/Main.storyboard; sourceTree = "<group>"; };
		A1B403551933249400F626DE /* IHViewController.h */ = {isa = PBXFileReference; lastKnownFileType = sourcecode.c.h; path = IHViewController.h; sourceTree = "<group>"; };
		A1B403561933249400F626DE /* IHViewController.m */ = {isa = PBXFileReference; lastKnownFileType = sourcecode.c.objc; path = IHViewController.m; sourceTree = "<group>"; };
		A1B403581933249400F626DE /* Images.xcassets */ = {isa = PBXFileReference; lastKnownFileType = folder.assetcatalog; path = Images.xcassets; sourceTree = "<group>"; };
		A1B4035E1933249400F626DE /* PaginationTests.xctest */ = {isa = PBXFileReference; explicitFileType = wrapper.cfbundle; includeInIndex = 0; path = PaginationTests.xctest; sourceTree = BUILT_PRODUCTS_DIR; };
		A1B4035F1933249400F626DE /* XCTest.framework */ = {isa = PBXFileReference; lastKnownFileType = wrapper.framework; name = XCTest.framework; path = Library/Frameworks/XCTest.framework; sourceTree = DEVELOPER_DIR; };
		A1B403671933249400F626DE /* PaginationTests-Info.plist */ = {isa = PBXFileReference; lastKnownFileType = text.plist.xml; path = "PaginationTests-Info.plist"; sourceTree = "<group>"; };
		A1B403691933249400F626DE /* en */ = {isa = PBXFileReference; lastKnownFileType = text.plist.strings; name = en; path = en.lproj/InfoPlist.strings; sourceTree = "<group>"; };
		A1B4036B1933249400F626DE /* PaginationTests.m */ = {isa = PBXFileReference; lastKnownFileType = sourcecode.c.objc; path = PaginationTests.m; sourceTree = "<group>"; };
/* End PBXFileReference section */

/* Begin PBXFrameworksBuildPhase section */
		A1B4033A1933249400F626DE /* Frameworks */ = {
			isa = PBXFrameworksBuildPhase;
			buildActionMask = 2147483647;
			files = (
				A1B403431933249400F626DE /* CoreGraphics.framework in Frameworks */,
				A1B403451933249400F626DE /* UIKit.framework in Frameworks */,
				A1B403411933249400F626DE /* Foundation.framework in Frameworks */,
			);
			runOnlyForDeploymentPostprocessing = 0;
		};
		A1B4035B1933249400F626DE /* Frameworks */ = {
			isa = PBXFrameworksBuildPhase;
			buildActionMask = 2147483647;
			files = (
				A1B403601933249400F626DE /* XCTest.framework in Frameworks */,
				A1B403621933249400F626DE /* UIKit.framework in Frameworks */,
				A1B403611933249400F626DE /* Foundation.framework in Frameworks */,
			);
			runOnlyForDeploymentPostprocessing = 0;
		};
/* End PBXFrameworksBuildPhase section */

/* Begin PBXGroup section */
		A1B403341933249400F626DE = {
			isa = PBXGroup;
			children = (
				A1B403461933249400F626DE /* Pagination */,
				A1B403651933249400F626DE /* PaginationTests */,
				A1B4033F1933249400F626DE /* Frameworks */,
				A1B4033E1933249400F626DE /* Products */,
			);
			sourceTree = "<group>";
		};
		A1B4033E1933249400F626DE /* Products */ = {
			isa = PBXGroup;
			children = (
				A1B4033D1933249400F626DE /* Pagination.app */,
				A1B4035E1933249400F626DE /* PaginationTests.xctest */,
			);
			name = Products;
			sourceTree = "<group>";
		};
		A1B4033F1933249400F626DE /* Frameworks */ = {
			isa = PBXGroup;
			children = (
				A1B403401933249400F626DE /* Foundation.framework */,
				A1B403421933249400F626DE /* CoreGraphics.framework */,
				A1B403441933249400F626DE /* UIKit.framework */,
				A1B4035F1933249400F626DE /* XCTest.framework */,
			);
			name = Frameworks;
			sourceTree = "<group>";
		};
		A1B403461933249400F626DE /* Pagination */ = {
			isa = PBXGroup;
			children = (
				A1B4034F1933249400F626DE /* IHAppDelegate.h */,
				A1B403501933249400F626DE /* IHAppDelegate.m */,
				A1B403521933249400F626DE /* Main.storyboard */,
				A1B403551933249400F626DE /* IHViewController.h */,
				A1B403561933249400F626DE /* IHViewController.m */,
				A1B403581933249400F626DE /* Images.xcassets */,
				A1B403471933249400F626DE /* Supporting Files */,
			);
			path = Pagination;
			sourceTree = "<group>";
		};
		A1B403471933249400F626DE /* Supporting Files */ = {
			isa = PBXGroup;
			children = (
				A1B403481933249400F626DE /* Pagination-Info.plist */,
				A1B403491933249400F626DE /* InfoPlist.strings */,
				A1B4034C1933249400F626DE /* main.m */,
				A1B4034E1933249400F626DE /* Pagination-Prefix.pch */,
			);
			name = "Supporting Files";
			sourceTree = "<group>";
		};
		A1B403651933249400F626DE /* PaginationTests */ = {
			isa = PBXGroup;
			children = (
				A1B4036B1933249400F626DE /* PaginationTests.m */,
				A1B403661933249400F626DE /* Supporting Files */,
			);
			path = PaginationTests;
			sourceTree = "<group>";
		};
		A1B403661933249400F626DE /* Supporting Files */ = {
			isa = PBXGroup;
			children = (
				A1B403671933249400F626DE /* PaginationTests-Info.plist */,
				A1B403681933249400F626DE /* InfoPlist.strings */,
			);
			name = "Supporting Files";
			sourceTree = "<group>";
		};
/* End PBXGroup section */

/* Begin PBXNativeTarget section */
		A1B4033C1933249400F626DE /* Pagination */ = {
			isa = PBXNativeTarget;
			buildConfigurationList = A1B4036F1933249400F626DE /* Build configuration list for PBXNativeTarget "Pagination" */;
			buildPhases = (
				A1B403391933249400F626DE /* Sources */,
				A1B4033A1933249400F626DE /* Frameworks */,
				A1B4033B1933249400F626DE /* Resources */,
			);
			buildRules = (
			);
			dependencies = (
			);
			name = Pagination;
			productName = Pagination;
			productReference = A1B4033D1933249400F626DE /* Pagination.app */;
			productType = "com.apple.product-type.application";
		};
		A1B4035D1933249400F626DE /* PaginationTests */ = {
			isa = PBXNativeTarget;
			buildConfigurationList = A1B403721933249400F626DE /* Build configuration list for PBXNativeTarget "PaginationTests" */;
			buildPhases = (
				A1B4035A1933249400F626DE /* Sources */,
				A1B4035B1933249400F626DE /* Frameworks */,
				A1B4035C1933249400F626DE /* Resources */,
			);
			buildRules = (
			);
			dependencies = (
				A1B403641933249400F626DE /* PBXTargetDependency */,
			);
			name = PaginationTests;
			productName = PaginationTests;
			productReference = A1B4035E1933249400F626DE /* PaginationTests.xctest */;
			productType = "com.apple.product-type.bundle.unit-test";
		};
/* End PBXNativeTarget section */

/* Begin PBXProject section */
		A1B403351933249400F626DE /* Project object */ = {
			isa = PBXProject;
			attributes = {
				CLASSPREFIX = IH;
				LastUpgradeCheck = 0510;
				ORGANIZATIONNAME = Ironhack;
				TargetAttributes = {
					A1B4035D1933249400F626DE = {
						TestTargetID = A1B4033C1933249400F626DE;
					};
				};
			};
			buildConfigurationList = A1B403381933249400F626DE /* Build configuration list for PBXProject "Pagination" */;
			compatibilityVersion = "Xcode 3.2";
			developmentRegion = English;
			hasScannedForEncodings = 0;
			knownRegions = (
				en,
				Base,
			);
			mainGroup = A1B403341933249400F626DE;
			productRefGroup = A1B4033E1933249400F626DE /* Products */;
			projectDirPath = "";
			projectRoot = "";
			targets = (
				A1B4033C1933249400F626DE /* Pagination */,
				A1B4035D1933249400F626DE /* PaginationTests */,
			);
		};
/* End PBXProject section */

/* Begin PBXResourcesBuildPhase section */
		A1B4033B1933249400F626DE /* Resources */ = {
			isa = PBXResourcesBuildPhase;
			buildActionMask = 2147483647;
			files = (
				A1B403591933249400F626DE /* Images.xcassets in Resources */,
				A1B4034B1933249400F626DE /* InfoPlist.strings in Resources */,
				A1B403541933249400F626DE /* Main.storyboard in Resources */,
			);
			runOnlyForDeploymentPostprocessing = 0;
		};
		A1B4035C1933249400F626DE /* Resources */ = {
			isa = PBXResourcesBuildPhase;
			buildActionMask = 2147483647;
			files = (
				A1B4036A1933249400F626DE /* InfoPlist.strings in Resources */,
			);
			runOnlyForDeploymentPostprocessing = 0;
		};
/* End PBXResourcesBuildPhase section */

/* Begin PBXSourcesBuildPhase section */
		A1B403391933249400F626DE /* Sources */ = {
			isa = PBXSourcesBuildPhase;
			buildActionMask = 2147483647;
			files = (
				A1B4034D1933249400F626DE /* main.m in Sources */,
				A1B403511933249400F626DE /* IHAppDelegate.m in Sources */,
				A1B403571933249400F626DE /* IHViewController.m in Sources */,
			);
			runOnlyForDeploymentPostprocessing = 0;
		};
		A1B4035A1933249400F626DE /* Sources */ = {
			isa = PBXSourcesBuildPhase;
			buildActionMask = 2147483647;
			files = (
				A1B4036C1933249400F626DE /* PaginationTests.m in Sources */,
			);
			runOnlyForDeploymentPostprocessing = 0;
		};
/* End PBXSourcesBuildPhase section */

/* Begin PBXTargetDependency section */
		A1B403641933249400F626DE /* PBXTargetDependency */ = {
			isa = PBXTargetDependency;
			target = A1B4033C1933249400F626DE /* Pagination */;
			targetProxy = A1B403631933249400F626DE /* PBXContainerItemProxy */;
		};
/* End PBXTargetDependency section */

/* Begin PBXVariantGroup section */
		A1B403491933249400F626DE /* InfoPlist.strings */ = {
			isa = PBXVariantGroup;
			children = (
				A1B4034A1933249400F626DE /* en */,
			);
			name = InfoPlist.strings;
			sourceTree = "<group>";
		};
		A1B403521933249400F626DE /* Main.storyboard */ = {
			isa = PBXVariantGroup;
			children = (
				A1B403531933249400F626DE /* Base */,
			);
			name = Main.storyboard;
			sourceTree = "<group>";
		};
		A1B403681933249400F626DE /* InfoPlist.strings */ = {
			isa = PBXVariantGroup;
			children = (
				A1B403691933249400F626DE /* en */,
			);
			name = InfoPlist.strings;
			sourceTree = "<group>";
		};
/* End PBXVariantGroup section */

/* Begin XCBuildConfiguration section */
		A1B4036D1933249400F626DE /* Debug */ = {
			isa = XCBuildConfiguration;
			buildSettings = {
				ALWAYS_SEARCH_USER_PATHS = NO;
				CLANG_CXX_LANGUAGE_STANDARD = "gnu++0x";
				CLANG_CXX_LIBRARY = "libc++";
				CLANG_ENABLE_MODULES = YES;
				CLANG_ENABLE_OBJC_ARC = YES;
				CLANG_WARN_BOOL_CONVERSION = YES;
				CLANG_WARN_CONSTANT_CONVERSION = YES;
				CLANG_WARN_DIRECT_OBJC_ISA_USAGE = YES_ERROR;
				CLANG_WARN_EMPTY_BODY = YES;
				CLANG_WARN_ENUM_CONVERSION = YES;
				CLANG_WARN_INT_CONVERSION = YES;
				CLANG_WARN_OBJC_ROOT_CLASS = YES_ERROR;
				CLANG_WARN__DUPLICATE_METHOD_MATCH = YES;
				"CODE_SIGN_IDENTITY[sdk=iphoneos*]" = "iPhone Developer";
				COPY_PHASE_STRIP = NO;
				GCC_C_LANGUAGE_STANDARD = gnu99;
				GCC_DYNAMIC_NO_PIC = NO;
				GCC_OPTIMIZATION_LEVEL = 0;
				GCC_PREPROCESSOR_DEFINITIONS = (
					"DEBUG=1",
					"$(inherited)",
				);
				GCC_SYMBOLS_PRIVATE_EXTERN = NO;
				GCC_WARN_64_TO_32_BIT_CONVERSION = YES;
				GCC_WARN_ABOUT_RETURN_TYPE = YES_ERROR;
				GCC_WARN_UNDECLARED_SELECTOR = YES;
				GCC_WARN_UNINITIALIZED_AUTOS = YES_AGGRESSIVE;
				GCC_WARN_UNUSED_FUNCTION = YES;
				GCC_WARN_UNUSED_VARIABLE = YES;
				IPHONEOS_DEPLOYMENT_TARGET = 7.1;
				ONLY_ACTIVE_ARCH = YES;
				SDKROOT = iphoneos;
			};
			name = Debug;
		};
		A1B4036E1933249400F626DE /* Release */ = {
			isa = XCBuildConfiguration;
			buildSettings = {
				ALWAYS_SEARCH_USER_PATHS = NO;
				CLANG_CXX_LANGUAGE_STANDARD = "gnu++0x";
				CLANG_CXX_LIBRARY = "libc++";
				CLANG_ENABLE_MODULES = YES;
				CLANG_ENABLE_OBJC_ARC = YES;
				CLANG_WARN_BOOL_CONVERSION = YES;
				CLANG_WARN_CONSTANT_CONVERSION = YES;
				CLANG_WARN_DIRECT_OBJC_ISA_USAGE = YES_ERROR;
				CLANG_WARN_EMPTY_BODY = YES;
				CLANG_WARN_ENUM_CONVERSION = YES;
				CLANG_WARN_INT_CONVERSION = YES;
				CLANG_WARN_OBJC_ROOT_CLASS = YES_ERROR;
				CLANG_WARN__DUPLICATE_METHOD_MATCH = YES;
				"CODE_SIGN_IDENTITY[sdk=iphoneos*]" = "iPhone Developer";
				COPY_PHASE_STRIP = YES;
				ENABLE_NS_ASSERTIONS = NO;
				GCC_C_LANGUAGE_STANDARD = gnu99;
				GCC_WARN_64_TO_32_BIT_CONVERSION = YES;
				GCC_WARN_ABOUT_RETURN_TYPE = YES_ERROR;
				GCC_WARN_UNDECLARED_SELECTOR = YES;
				GCC_WARN_UNINITIALIZED_AUTOS = YES_AGGRESSIVE;
				GCC_WARN_UNUSED_FUNCTION = YES;
				GCC_WARN_UNUSED_VARIABLE = YES;
				IPHONEOS_DEPLOYMENT_TARGET = 7.1;
				SDKROOT = iphoneos;
				VALIDATE_PRODUCT = YES;
			};
			name = Release;
		};
		A1B403701933249400F626DE /* Debug */ = {
			isa = XCBuildConfiguration;
			buildSettings = {
				ASSETCATALOG_COMPILER_APPICON_NAME = AppIcon;
				ASSETCATALOG_COMPILER_LAUNCHIMAGE_NAME = LaunchImage;
				GCC_PRECOMPILE_PREFIX_HEADER = YES;
				GCC_PREFIX_HEADER = "Pagination/Pagination-Prefix.pch";
				INFOPLIST_FILE = "Pagination/Pagination-Info.plist";
				PRODUCT_NAME = "$(TARGET_NAME)";
				WRAPPER_EXTENSION = app;
			};
			name = Debug;
		};
		A1B403711933249400F626DE /* Release */ = {
			isa = XCBuildConfiguration;
			buildSettings = {
				ASSETCATALOG_COMPILER_APPICON_NAME = AppIcon;
				ASSETCATALOG_COMPILER_LAUNCHIMAGE_NAME = LaunchImage;
				GCC_PRECOMPILE_PREFIX_HEADER = YES;
				GCC_PREFIX_HEADER = "Pagination/Pagination-Prefix.pch";
				INFOPLIST_FILE = "Pagination/Pagination-Info.plist";
				PRODUCT_NAME = "$(TARGET_NAME)";
				WRAPPER_EXTENSION = app;
			};
			name = Release;
		};
		A1B403731933249400F626DE /* Debug */ = {
			isa = XCBuildConfiguration;
			buildSettings = {
				BUNDLE_LOADER = "$(BUILT_PRODUCTS_DIR)/Pagination.app/Pagination";
				FRAMEWORK_SEARCH_PATHS = (
					"$(SDKROOT)/Developer/Library/Frameworks",
					"$(inherited)",
					"$(DEVELOPER_FRAMEWORKS_DIR)",
				);
				GCC_PRECOMPILE_PREFIX_HEADER = YES;
				GCC_PREFIX_HEADER = "Pagination/Pagination-Prefix.pch";
				GCC_PREPROCESSOR_DEFINITIONS = (
					"DEBUG=1",
					"$(inherited)",
				);
				INFOPLIST_FILE = "PaginationTests/PaginationTests-Info.plist";
				PRODUCT_NAME = "$(TARGET_NAME)";
				TEST_HOST = "$(BUNDLE_LOADER)";
				WRAPPER_EXTENSION = xctest;
			};
			name = Debug;
		};
		A1B403741933249400F626DE /* Release */ = {
			isa = XCBuildConfiguration;
			buildSettings = {
				BUNDLE_LOADER = "$(BUILT_PRODUCTS_DIR)/Pagination.app/Pagination";
				FRAMEWORK_SEARCH_PATHS = (
					"$(SDKROOT)/Developer/Library/Frameworks",
					"$(inherited)",
					"$(DEVELOPER_FRAMEWORKS_DIR)",
				);
				GCC_PRECOMPILE_PREFIX_HEADER = YES;
				GCC_PREFIX_HEADER = "Pagination/Pagination-Prefix.pch";
				INFOPLIST_FILE = "PaginationTests/PaginationTests-Info.plist";
				PRODUCT_NAME = "$(TARGET_NAME)";
				TEST_HOST = "$(BUNDLE_LOADER)";
				WRAPPER_EXTENSION = xctest;
			};
			name = Release;
		};
/* End XCBuildConfiguration section */

/* Begin XCConfigurationList section */
		A1B403381933249400F626DE /* Build configuration list for PBXProject "Pagination" */ = {
			isa = XCConfigurationList;
			buildConfigurations = (
				A1B4036D1933249400F626DE /* Debug */,
				A1B4036E1933249400F626DE /* Release */,
			);
			defaultConfigurationIsVisible = 0;
			defaultConfigurationName = Release;
		};
		A1B4036F1933249400F626DE /* Build configuration list for PBXNativeTarget "Pagination" */ = {
			isa = XCConfigurationList;
			buildConfigurations = (
				A1B403701933249400F626DE /* Debug */,
				A1B403711933249400F626DE /* Release */,
			);
			defaultConfigurationIsVisible = 0;
		};
		A1B403721933249400F626DE /* Build configuration list for PBXNativeTarget "PaginationTests" */ = {
			isa = XCConfigurationList;
			buildConfigurations = (
				A1B403731933249400F626DE /* Debug */,
				A1B403741933249400F626DE /* Release */,
			);
			defaultConfigurationIsVisible = 0;
		};
/* End XCConfigurationList section */
	};
	rootObject = A1B403351933249400F626DE /* Project object */;
}
