// !$*UTF8*$!
{
	archiveVersion = 1;
	classes = {
	};
	objectVersion = 46;
	objects = {

/* Begin PBXBuildFile section */
		A1F3E35B192D40A80093051A /* Foundation.framework in Frameworks */ = {isa = PBXBuildFile; fileRef = A1F3E35A192D40A80093051A /* Foundation.framework */; };
		A1F3E35D192D40A80093051A /* CoreGraphics.framework in Frameworks */ = {isa = PBXBuildFile; fileRef = A1F3E35C192D40A80093051A /* CoreGraphics.framework */; };
		A1F3E35F192D40A80093051A /* UIKit.framework in Frameworks */ = {isa = PBXBuildFile; fileRef = A1F3E35E192D40A80093051A /* UIKit.framework */; };
		A1F3E365192D40A80093051A /* InfoPlist.strings in Resources */ = {isa = PBXBuildFile; fileRef = A1F3E363192D40A80093051A /* InfoPlist.strings */; };
		A1F3E367192D40A80093051A /* main.m in Sources */ = {isa = PBXBuildFile; fileRef = A1F3E366192D40A80093051A /* main.m */; };
		A1F3E36B192D40A80093051A /* IHAppDelegate.m in Sources */ = {isa = PBXBuildFile; fileRef = A1F3E36A192D40A80093051A /* IHAppDelegate.m */; };
		A1F3E36D192D40A80093051A /* Images.xcassets in Resources */ = {isa = PBXBuildFile; fileRef = A1F3E36C192D40A80093051A /* Images.xcassets */; };
		A1F3E374192D40A80093051A /* XCTest.framework in Frameworks */ = {isa = PBXBuildFile; fileRef = A1F3E373192D40A80093051A /* XCTest.framework */; };
		A1F3E375192D40A80093051A /* Foundation.framework in Frameworks */ = {isa = PBXBuildFile; fileRef = A1F3E35A192D40A80093051A /* Foundation.framework */; };
		A1F3E376192D40A80093051A /* UIKit.framework in Frameworks */ = {isa = PBXBuildFile; fileRef = A1F3E35E192D40A80093051A /* UIKit.framework */; };
		A1F3E37E192D40A80093051A /* InfoPlist.strings in Resources */ = {isa = PBXBuildFile; fileRef = A1F3E37C192D40A80093051A /* InfoPlist.strings */; };
		A1F3E380192D40A80093051A /* SplitViewControllersTests.m in Sources */ = {isa = PBXBuildFile; fileRef = A1F3E37F192D40A80093051A /* SplitViewControllersTests.m */; };
/* End PBXBuildFile section */

/* Begin PBXContainerItemProxy section */
		A1F3E377192D40A80093051A /* PBXContainerItemProxy */ = {
			isa = PBXContainerItemProxy;
			containerPortal = A1F3E34F192D40A80093051A /* Project object */;
			proxyType = 1;
			remoteGlobalIDString = A1F3E356192D40A80093051A;
			remoteInfo = SplitViewControllers;
		};
/* End PBXContainerItemProxy section */

/* Begin PBXFileReference section */
		A1F3E357192D40A80093051A /* SplitViewControllers.app */ = {isa = PBXFileReference; explicitFileType = wrapper.application; includeInIndex = 0; path = SplitViewControllers.app; sourceTree = BUILT_PRODUCTS_DIR; };
		A1F3E35A192D40A80093051A /* Foundation.framework */ = {isa = PBXFileReference; lastKnownFileType = wrapper.framework; name = Foundation.framework; path = System/Library/Frameworks/Foundation.framework; sourceTree = SDKROOT; };
		A1F3E35C192D40A80093051A /* CoreGraphics.framework */ = {isa = PBXFileReference; lastKnownFileType = wrapper.framework; name = CoreGraphics.framework; path = System/Library/Frameworks/CoreGraphics.framework; sourceTree = SDKROOT; };
		A1F3E35E192D40A80093051A /* UIKit.framework */ = {isa = PBXFileReference; lastKnownFileType = wrapper.framework; name = UIKit.framework; path = System/Library/Frameworks/UIKit.framework; sourceTree = SDKROOT; };
		A1F3E362192D40A80093051A /* SplitViewControllers-Info.plist */ = {isa = PBXFileReference; lastKnownFileType = text.plist.xml; path = "SplitViewControllers-Info.plist"; sourceTree = "<group>"; };
		A1F3E364192D40A80093051A /* en */ = {isa = PBXFileReference; lastKnownFileType = text.plist.strings; name = en; path = en.lproj/InfoPlist.strings; sourceTree = "<group>"; };
		A1F3E366192D40A80093051A /* main.m */ = {isa = PBXFileReference; lastKnownFileType = sourcecode.c.objc; path = main.m; sourceTree = "<group>"; };
		A1F3E368192D40A80093051A /* SplitViewControllers-Prefix.pch */ = {isa = PBXFileReference; lastKnownFileType = sourcecode.c.h; path = "SplitViewControllers-Prefix.pch"; sourceTree = "<group>"; };
		A1F3E369192D40A80093051A /* IHAppDelegate.h */ = {isa = PBXFileReference; lastKnownFileType = sourcecode.c.h; path = IHAppDelegate.h; sourceTree = "<group>"; };
		A1F3E36A192D40A80093051A /* IHAppDelegate.m */ = {isa = PBXFileReference; lastKnownFileType = sourcecode.c.objc; path = IHAppDelegate.m; sourceTree = "<group>"; };
		A1F3E36C192D40A80093051A /* Images.xcassets */ = {isa = PBXFileReference; lastKnownFileType = folder.assetcatalog; path = Images.xcassets; sourceTree = "<group>"; };
		A1F3E372192D40A80093051A /* SplitViewControllersTests.xctest */ = {isa = PBXFileReference; explicitFileType = wrapper.cfbundle; includeInIndex = 0; path = SplitViewControllersTests.xctest; sourceTree = BUILT_PRODUCTS_DIR; };
		A1F3E373192D40A80093051A /* XCTest.framework */ = {isa = PBXFileReference; lastKnownFileType = wrapper.framework; name = XCTest.framework; path = Library/Frameworks/XCTest.framework; sourceTree = DEVELOPER_DIR; };
		A1F3E37B192D40A80093051A /* SplitViewControllersTests-Info.plist */ = {isa = PBXFileReference; lastKnownFileType = text.plist.xml; path = "SplitViewControllersTests-Info.plist"; sourceTree = "<group>"; };
		A1F3E37D192D40A80093051A /* en */ = {isa = PBXFileReference; lastKnownFileType = text.plist.strings; name = en; path = en.lproj/InfoPlist.strings; sourceTree = "<group>"; };
		A1F3E37F192D40A80093051A /* SplitViewControllersTests.m */ = {isa = PBXFileReference; lastKnownFileType = sourcecode.c.objc; path = SplitViewControllersTests.m; sourceTree = "<group>"; };
/* End PBXFileReference section */

/* Begin PBXFrameworksBuildPhase section */
		A1F3E354192D40A80093051A /* Frameworks */ = {
			isa = PBXFrameworksBuildPhase;
			buildActionMask = 2147483647;
			files = (
				A1F3E35D192D40A80093051A /* CoreGraphics.framework in Frameworks */,
				A1F3E35F192D40A80093051A /* UIKit.framework in Frameworks */,
				A1F3E35B192D40A80093051A /* Foundation.framework in Frameworks */,
			);
			runOnlyForDeploymentPostprocessing = 0;
		};
		A1F3E36F192D40A80093051A /* Frameworks */ = {
			isa = PBXFrameworksBuildPhase;
			buildActionMask = 2147483647;
			files = (
				A1F3E374192D40A80093051A /* XCTest.framework in Frameworks */,
				A1F3E376192D40A80093051A /* UIKit.framework in Frameworks */,
				A1F3E375192D40A80093051A /* Foundation.framework in Frameworks */,
			);
			runOnlyForDeploymentPostprocessing = 0;
		};
/* End PBXFrameworksBuildPhase section */

/* Begin PBXGroup section */
		A1F3E34E192D40A80093051A = {
			isa = PBXGroup;
			children = (
				A1F3E360192D40A80093051A /* SplitViewControllers */,
				A1F3E379192D40A80093051A /* SplitViewControllersTests */,
				A1F3E359192D40A80093051A /* Frameworks */,
				A1F3E358192D40A80093051A /* Products */,
			);
			sourceTree = "<group>";
		};
		A1F3E358192D40A80093051A /* Products */ = {
			isa = PBXGroup;
			children = (
				A1F3E357192D40A80093051A /* SplitViewControllers.app */,
				A1F3E372192D40A80093051A /* SplitViewControllersTests.xctest */,
			);
			name = Products;
			sourceTree = "<group>";
		};
		A1F3E359192D40A80093051A /* Frameworks */ = {
			isa = PBXGroup;
			children = (
				A1F3E35A192D40A80093051A /* Foundation.framework */,
				A1F3E35C192D40A80093051A /* CoreGraphics.framework */,
				A1F3E35E192D40A80093051A /* UIKit.framework */,
				A1F3E373192D40A80093051A /* XCTest.framework */,
			);
			name = Frameworks;
			sourceTree = "<group>";
		};
		A1F3E360192D40A80093051A /* SplitViewControllers */ = {
			isa = PBXGroup;
			children = (
				A1F3E369192D40A80093051A /* IHAppDelegate.h */,
				A1F3E36A192D40A80093051A /* IHAppDelegate.m */,
				A1F3E36C192D40A80093051A /* Images.xcassets */,
				A1F3E361192D40A80093051A /* Supporting Files */,
			);
			path = SplitViewControllers;
			sourceTree = "<group>";
		};
		A1F3E361192D40A80093051A /* Supporting Files */ = {
			isa = PBXGroup;
			children = (
				A1F3E362192D40A80093051A /* SplitViewControllers-Info.plist */,
				A1F3E363192D40A80093051A /* InfoPlist.strings */,
				A1F3E366192D40A80093051A /* main.m */,
				A1F3E368192D40A80093051A /* SplitViewControllers-Prefix.pch */,
			);
			name = "Supporting Files";
			sourceTree = "<group>";
		};
		A1F3E379192D40A80093051A /* SplitViewControllersTests */ = {
			isa = PBXGroup;
			children = (
				A1F3E37F192D40A80093051A /* SplitViewControllersTests.m */,
				A1F3E37A192D40A80093051A /* Supporting Files */,
			);
			path = SplitViewControllersTests;
			sourceTree = "<group>";
		};
		A1F3E37A192D40A80093051A /* Supporting Files */ = {
			isa = PBXGroup;
			children = (
				A1F3E37B192D40A80093051A /* SplitViewControllersTests-Info.plist */,
				A1F3E37C192D40A80093051A /* InfoPlist.strings */,
			);
			name = "Supporting Files";
			sourceTree = "<group>";
		};
/* End PBXGroup section */

/* Begin PBXNativeTarget section */
		A1F3E356192D40A80093051A /* SplitViewControllers */ = {
			isa = PBXNativeTarget;
			buildConfigurationList = A1F3E383192D40A80093051A /* Build configuration list for PBXNativeTarget "SplitViewControllers" */;
			buildPhases = (
				A1F3E353192D40A80093051A /* Sources */,
				A1F3E354192D40A80093051A /* Frameworks */,
				A1F3E355192D40A80093051A /* Resources */,
			);
			buildRules = (
			);
			dependencies = (
			);
			name = SplitViewControllers;
			productName = SplitViewControllers;
			productReference = A1F3E357192D40A80093051A /* SplitViewControllers.app */;
			productType = "com.apple.product-type.application";
		};
		A1F3E371192D40A80093051A /* SplitViewControllersTests */ = {
			isa = PBXNativeTarget;
			buildConfigurationList = A1F3E386192D40A80093051A /* Build configuration list for PBXNativeTarget "SplitViewControllersTests" */;
			buildPhases = (
				A1F3E36E192D40A80093051A /* Sources */,
				A1F3E36F192D40A80093051A /* Frameworks */,
				A1F3E370192D40A80093051A /* Resources */,
			);
			buildRules = (
			);
			dependencies = (
				A1F3E378192D40A80093051A /* PBXTargetDependency */,
			);
			name = SplitViewControllersTests;
			productName = SplitViewControllersTests;
			productReference = A1F3E372192D40A80093051A /* SplitViewControllersTests.xctest */;
			productType = "com.apple.product-type.bundle.unit-test";
		};
/* End PBXNativeTarget section */

/* Begin PBXProject section */
		A1F3E34F192D40A80093051A /* Project object */ = {
			isa = PBXProject;
			attributes = {
				CLASSPREFIX = IH;
				LastUpgradeCheck = 0510;
				ORGANIZATIONNAME = Ironhack;
				TargetAttributes = {
					A1F3E371192D40A80093051A = {
						TestTargetID = A1F3E356192D40A80093051A;
					};
				};
			};
			buildConfigurationList = A1F3E352192D40A80093051A /* Build configuration list for PBXProject "SplitViewControllers" */;
			compatibilityVersion = "Xcode 3.2";
			developmentRegion = English;
			hasScannedForEncodings = 0;
			knownRegions = (
				en,
			);
			mainGroup = A1F3E34E192D40A80093051A;
			productRefGroup = A1F3E358192D40A80093051A /* Products */;
			projectDirPath = "";
			projectRoot = "";
			targets = (
				A1F3E356192D40A80093051A /* SplitViewControllers */,
				A1F3E371192D40A80093051A /* SplitViewControllersTests */,
			);
		};
/* End PBXProject section */

/* Begin PBXResourcesBuildPhase section */
		A1F3E355192D40A80093051A /* Resources */ = {
			isa = PBXResourcesBuildPhase;
			buildActionMask = 2147483647;
			files = (
				A1F3E365192D40A80093051A /* InfoPlist.strings in Resources */,
				A1F3E36D192D40A80093051A /* Images.xcassets in Resources */,
			);
			runOnlyForDeploymentPostprocessing = 0;
		};
		A1F3E370192D40A80093051A /* Resources */ = {
			isa = PBXResourcesBuildPhase;
			buildActionMask = 2147483647;
			files = (
				A1F3E37E192D40A80093051A /* InfoPlist.strings in Resources */,
			);
			runOnlyForDeploymentPostprocessing = 0;
		};
/* End PBXResourcesBuildPhase section */

/* Begin PBXSourcesBuildPhase section */
		A1F3E353192D40A80093051A /* Sources */ = {
			isa = PBXSourcesBuildPhase;
			buildActionMask = 2147483647;
			files = (
				A1F3E367192D40A80093051A /* main.m in Sources */,
				A1F3E36B192D40A80093051A /* IHAppDelegate.m in Sources */,
			);
			runOnlyForDeploymentPostprocessing = 0;
		};
		A1F3E36E192D40A80093051A /* Sources */ = {
			isa = PBXSourcesBuildPhase;
			buildActionMask = 2147483647;
			files = (
				A1F3E380192D40A80093051A /* SplitViewControllersTests.m in Sources */,
			);
			runOnlyForDeploymentPostprocessing = 0;
		};
/* End PBXSourcesBuildPhase section */

/* Begin PBXTargetDependency section */
		A1F3E378192D40A80093051A /* PBXTargetDependency */ = {
			isa = PBXTargetDependency;
			target = A1F3E356192D40A80093051A /* SplitViewControllers */;
			targetProxy = A1F3E377192D40A80093051A /* PBXContainerItemProxy */;
		};
/* End PBXTargetDependency section */

/* Begin PBXVariantGroup section */
		A1F3E363192D40A80093051A /* InfoPlist.strings */ = {
			isa = PBXVariantGroup;
			children = (
				A1F3E364192D40A80093051A /* en */,
			);
			name = InfoPlist.strings;
			sourceTree = "<group>";
		};
		A1F3E37C192D40A80093051A /* InfoPlist.strings */ = {
			isa = PBXVariantGroup;
			children = (
				A1F3E37D192D40A80093051A /* en */,
			);
			name = InfoPlist.strings;
			sourceTree = "<group>";
		};
/* End PBXVariantGroup section */

/* Begin XCBuildConfiguration section */
		A1F3E381192D40A80093051A /* Debug */ = {
			isa = XCBuildConfiguration;
			buildSettings = {
				ALWAYS_SEARCH_USER_PATHS = NO;
				CLANG_CXX_LANGUAGE_STANDARD = "gnu++0x";
				CLANG_CXX_LIBRARY = "libc++";
				CLANG_ENABLE_MODULES = YES;
				CLANG_ENABLE_OBJC_ARC = YES;
				CLANG_WARN_BOOL_CONVERSION = YES;
				CLANG_WARN_CONSTANT_CONVERSION = YES;
				CLANG_WARN_DIRECT_OBJC_ISA_USAGE = YES_ERROR;
				CLANG_WARN_EMPTY_BODY = YES;
				CLANG_WARN_ENUM_CONVERSION = YES;
				CLANG_WARN_INT_CONVERSION = YES;
				CLANG_WARN_OBJC_ROOT_CLASS = YES_ERROR;
				CLANG_WARN__DUPLICATE_METHOD_MATCH = YES;
				"CODE_SIGN_IDENTITY[sdk=iphoneos*]" = "iPhone Developer";
				COPY_PHASE_STRIP = NO;
				GCC_C_LANGUAGE_STANDARD = gnu99;
				GCC_DYNAMIC_NO_PIC = NO;
				GCC_OPTIMIZATION_LEVEL = 0;
				GCC_PREPROCESSOR_DEFINITIONS = (
					"DEBUG=1",
					"$(inherited)",
				);
				GCC_SYMBOLS_PRIVATE_EXTERN = NO;
				GCC_WARN_64_TO_32_BIT_CONVERSION = YES;
				GCC_WARN_ABOUT_RETURN_TYPE = YES_ERROR;
				GCC_WARN_UNDECLARED_SELECTOR = YES;
				GCC_WARN_UNINITIALIZED_AUTOS = YES_AGGRESSIVE;
				GCC_WARN_UNUSED_FUNCTION = YES;
				GCC_WARN_UNUSED_VARIABLE = YES;
				IPHONEOS_DEPLOYMENT_TARGET = 7.1;
				ONLY_ACTIVE_ARCH = YES;
				SDKROOT = iphoneos;
				TARGETED_DEVICE_FAMILY = 2;
			};
			name = Debug;
		};
		A1F3E382192D40A80093051A /* Release */ = {
			isa = XCBuildConfiguration;
			buildSettings = {
				ALWAYS_SEARCH_USER_PATHS = NO;
				CLANG_CXX_LANGUAGE_STANDARD = "gnu++0x";
				CLANG_CXX_LIBRARY = "libc++";
				CLANG_ENABLE_MODULES = YES;
				CLANG_ENABLE_OBJC_ARC = YES;
				CLANG_WARN_BOOL_CONVERSION = YES;
				CLANG_WARN_CONSTANT_CONVERSION = YES;
				CLANG_WARN_DIRECT_OBJC_ISA_USAGE = YES_ERROR;
				CLANG_WARN_EMPTY_BODY = YES;
				CLANG_WARN_ENUM_CONVERSION = YES;
				CLANG_WARN_INT_CONVERSION = YES;
				CLANG_WARN_OBJC_ROOT_CLASS = YES_ERROR;
				CLANG_WARN__DUPLICATE_METHOD_MATCH = YES;
				"CODE_SIGN_IDENTITY[sdk=iphoneos*]" = "iPhone Developer";
				COPY_PHASE_STRIP = YES;
				ENABLE_NS_ASSERTIONS = NO;
				GCC_C_LANGUAGE_STANDARD = gnu99;
				GCC_WARN_64_TO_32_BIT_CONVERSION = YES;
				GCC_WARN_ABOUT_RETURN_TYPE = YES_ERROR;
				GCC_WARN_UNDECLARED_SELECTOR = YES;
				GCC_WARN_UNINITIALIZED_AUTOS = YES_AGGRESSIVE;
				GCC_WARN_UNUSED_FUNCTION = YES;
				GCC_WARN_UNUSED_VARIABLE = YES;
				IPHONEOS_DEPLOYMENT_TARGET = 7.1;
				SDKROOT = iphoneos;
				TARGETED_DEVICE_FAMILY = 2;
				VALIDATE_PRODUCT = YES;
			};
			name = Release;
		};
		A1F3E384192D40A80093051A /* Debug */ = {
			isa = XCBuildConfiguration;
			buildSettings = {
				ASSETCATALOG_COMPILER_APPICON_NAME = AppIcon;
				ASSETCATALOG_COMPILER_LAUNCHIMAGE_NAME = LaunchImage;
				GCC_PRECOMPILE_PREFIX_HEADER = YES;
				GCC_PREFIX_HEADER = "SplitViewControllers/SplitViewControllers-Prefix.pch";
				INFOPLIST_FILE = "SplitViewControllers/SplitViewControllers-Info.plist";
				PRODUCT_NAME = "$(TARGET_NAME)";
				WRAPPER_EXTENSION = app;
			};
			name = Debug;
		};
		A1F3E385192D40A80093051A /* Release */ = {
			isa = XCBuildConfiguration;
			buildSettings = {
				ASSETCATALOG_COMPILER_APPICON_NAME = AppIcon;
				ASSETCATALOG_COMPILER_LAUNCHIMAGE_NAME = LaunchImage;
				GCC_PRECOMPILE_PREFIX_HEADER = YES;
				GCC_PREFIX_HEADER = "SplitViewControllers/SplitViewControllers-Prefix.pch";
				INFOPLIST_FILE = "SplitViewControllers/SplitViewControllers-Info.plist";
				PRODUCT_NAME = "$(TARGET_NAME)";
				WRAPPER_EXTENSION = app;
			};
			name = Release;
		};
		A1F3E387192D40A80093051A /* Debug */ = {
			isa = XCBuildConfiguration;
			buildSettings = {
				BUNDLE_LOADER = "$(BUILT_PRODUCTS_DIR)/SplitViewControllers.app/SplitViewControllers";
				FRAMEWORK_SEARCH_PATHS = (
					"$(SDKROOT)/Developer/Library/Frameworks",
					"$(inherited)",
					"$(DEVELOPER_FRAMEWORKS_DIR)",
				);
				GCC_PRECOMPILE_PREFIX_HEADER = YES;
				GCC_PREFIX_HEADER = "SplitViewControllers/SplitViewControllers-Prefix.pch";
				GCC_PREPROCESSOR_DEFINITIONS = (
					"DEBUG=1",
					"$(inherited)",
				);
				INFOPLIST_FILE = "SplitViewControllersTests/SplitViewControllersTests-Info.plist";
				PRODUCT_NAME = "$(TARGET_NAME)";
				TEST_HOST = "$(BUNDLE_LOADER)";
				WRAPPER_EXTENSION = xctest;
			};
			name = Debug;
		};
		A1F3E388192D40A80093051A /* Release */ = {
			isa = XCBuildConfiguration;
			buildSettings = {
				BUNDLE_LOADER = "$(BUILT_PRODUCTS_DIR)/SplitViewControllers.app/SplitViewControllers";
				FRAMEWORK_SEARCH_PATHS = (
					"$(SDKROOT)/Developer/Library/Frameworks",
					"$(inherited)",
					"$(DEVELOPER_FRAMEWORKS_DIR)",
				);
				GCC_PRECOMPILE_PREFIX_HEADER = YES;
				GCC_PREFIX_HEADER = "SplitViewControllers/SplitViewControllers-Prefix.pch";
				INFOPLIST_FILE = "SplitViewControllersTests/SplitViewControllersTests-Info.plist";
				PRODUCT_NAME = "$(TARGET_NAME)";
				TEST_HOST = "$(BUNDLE_LOADER)";
				WRAPPER_EXTENSION = xctest;
			};
			name = Release;
		};
/* End XCBuildConfiguration section */

/* Begin XCConfigurationList section */
		A1F3E352192D40A80093051A /* Build configuration list for PBXProject "SplitViewControllers" */ = {
			isa = XCConfigurationList;
			buildConfigurations = (
				A1F3E381192D40A80093051A /* Debug */,
				A1F3E382192D40A80093051A /* Release */,
			);
			defaultConfigurationIsVisible = 0;
			defaultConfigurationName = Release;
		};
		A1F3E383192D40A80093051A /* Build configuration list for PBXNativeTarget "SplitViewControllers" */ = {
			isa = XCConfigurationList;
			buildConfigurations = (
				A1F3E384192D40A80093051A /* Debug */,
				A1F3E385192D40A80093051A /* Release */,
			);
			defaultConfigurationIsVisible = 0;
			defaultConfigurationName = Release;
		};
		A1F3E386192D40A80093051A /* Build configuration list for PBXNativeTarget "SplitViewControllersTests" */ = {
			isa = XCConfigurationList;
			buildConfigurations = (
				A1F3E387192D40A80093051A /* Debug */,
				A1F3E388192D40A80093051A /* Release */,
			);
			defaultConfigurationIsVisible = 0;
			defaultConfigurationName = Release;
		};
/* End XCConfigurationList section */
	};
	rootObject = A1F3E34F192D40A80093051A /* Project object */;
}
