// !$*UTF8*$!
{
	archiveVersion = 1;
	classes = {
	};
	objectVersion = 46;
	objects = {

/* Begin PBXBuildFile section */
		A1842388192AA586001ED83E /* Foundation.framework in Frameworks */ = {isa = PBXBuildFile; fileRef = A1842387192AA586001ED83E /* Foundation.framework */; };
		A184238A192AA586001ED83E /* CoreGraphics.framework in Frameworks */ = {isa = PBXBuildFile; fileRef = A1842389192AA586001ED83E /* CoreGraphics.framework */; };
		A184238C192AA586001ED83E /* UIKit.framework in Frameworks */ = {isa = PBXBuildFile; fileRef = A184238B192AA586001ED83E /* UIKit.framework */; };
		A1842392192AA586001ED83E /* InfoPlist.strings in Resources */ = {isa = PBXBuildFile; fileRef = A1842390192AA586001ED83E /* InfoPlist.strings */; };
		A1842394192AA586001ED83E /* main.m in Sources */ = {isa = PBXBuildFile; fileRef = A1842393192AA586001ED83E /* main.m */; };
		A1842398192AA586001ED83E /* IHAppDelegate.m in Sources */ = {isa = PBXBuildFile; fileRef = A1842397192AA586001ED83E /* IHAppDelegate.m */; };
		A184239B192AA586001ED83E /* Main.storyboard in Resources */ = {isa = PBXBuildFile; fileRef = A1842399192AA586001ED83E /* Main.storyboard */; };
		A184239E192AA586001ED83E /* IHViewController.m in Sources */ = {isa = PBXBuildFile; fileRef = A184239D192AA586001ED83E /* IHViewController.m */; };
		A18423A0192AA586001ED83E /* Images.xcassets in Resources */ = {isa = PBXBuildFile; fileRef = A184239F192AA586001ED83E /* Images.xcassets */; };
		A18423A7192AA586001ED83E /* XCTest.framework in Frameworks */ = {isa = PBXBuildFile; fileRef = A18423A6192AA586001ED83E /* XCTest.framework */; };
		A18423A8192AA586001ED83E /* Foundation.framework in Frameworks */ = {isa = PBXBuildFile; fileRef = A1842387192AA586001ED83E /* Foundation.framework */; };
		A18423A9192AA586001ED83E /* UIKit.framework in Frameworks */ = {isa = PBXBuildFile; fileRef = A184238B192AA586001ED83E /* UIKit.framework */; };
		A18423B1192AA586001ED83E /* InfoPlist.strings in Resources */ = {isa = PBXBuildFile; fileRef = A18423AF192AA586001ED83E /* InfoPlist.strings */; };
		A18423B3192AA586001ED83E /* ContainersTests.m in Sources */ = {isa = PBXBuildFile; fileRef = A18423B2192AA586001ED83E /* ContainersTests.m */; };
/* End PBXBuildFile section */

/* Begin PBXContainerItemProxy section */
		A18423AA192AA586001ED83E /* PBXContainerItemProxy */ = {
			isa = PBXContainerItemProxy;
			containerPortal = A184237C192AA586001ED83E /* Project object */;
			proxyType = 1;
			remoteGlobalIDString = A1842383192AA586001ED83E;
			remoteInfo = Containers;
		};
/* End PBXContainerItemProxy section */

/* Begin PBXFileReference section */
		A1842384192AA586001ED83E /* Containers.app */ = {isa = PBXFileReference; explicitFileType = wrapper.application; includeInIndex = 0; path = Containers.app; sourceTree = BUILT_PRODUCTS_DIR; };
		A1842387192AA586001ED83E /* Foundation.framework */ = {isa = PBXFileReference; lastKnownFileType = wrapper.framework; name = Foundation.framework; path = System/Library/Frameworks/Foundation.framework; sourceTree = SDKROOT; };
		A1842389192AA586001ED83E /* CoreGraphics.framework */ = {isa = PBXFileReference; lastKnownFileType = wrapper.framework; name = CoreGraphics.framework; path = System/Library/Frameworks/CoreGraphics.framework; sourceTree = SDKROOT; };
		A184238B192AA586001ED83E /* UIKit.framework */ = {isa = PBXFileReference; lastKnownFileType = wrapper.framework; name = UIKit.framework; path = System/Library/Frameworks/UIKit.framework; sourceTree = SDKROOT; };
		A184238F192AA586001ED83E /* Containers-Info.plist */ = {isa = PBXFileReference; lastKnownFileType = text.plist.xml; path = "Containers-Info.plist"; sourceTree = "<group>"; };
		A1842391192AA586001ED83E /* en */ = {isa = PBXFileReference; lastKnownFileType = text.plist.strings; name = en; path = en.lproj/InfoPlist.strings; sourceTree = "<group>"; };
		A1842393192AA586001ED83E /* main.m */ = {isa = PBXFileReference; lastKnownFileType = sourcecode.c.objc; path = main.m; sourceTree = "<group>"; };
		A1842395192AA586001ED83E /* Containers-Prefix.pch */ = {isa = PBXFileReference; lastKnownFileType = sourcecode.c.h; path = "Containers-Prefix.pch"; sourceTree = "<group>"; };
		A1842396192AA586001ED83E /* IHAppDelegate.h */ = {isa = PBXFileReference; lastKnownFileType = sourcecode.c.h; path = IHAppDelegate.h; sourceTree = "<group>"; };
		A1842397192AA586001ED83E /* IHAppDelegate.m */ = {isa = PBXFileReference; lastKnownFileType = sourcecode.c.objc; path = IHAppDelegate.m; sourceTree = "<group>"; };
		A184239A192AA586001ED83E /* Base */ = {isa = PBXFileReference; lastKnownFileType = file.storyboard; name = Base; path = Base.lproj/Main.storyboard; sourceTree = "<group>"; };
		A184239C192AA586001ED83E /* IHViewController.h */ = {isa = PBXFileReference; lastKnownFileType = sourcecode.c.h; path = IHViewController.h; sourceTree = "<group>"; };
		A184239D192AA586001ED83E /* IHViewController.m */ = {isa = PBXFileReference; lastKnownFileType = sourcecode.c.objc; path = IHViewController.m; sourceTree = "<group>"; };
		A184239F192AA586001ED83E /* Images.xcassets */ = {isa = PBXFileReference; lastKnownFileType = folder.assetcatalog; path = Images.xcassets; sourceTree = "<group>"; };
		A18423A5192AA586001ED83E /* ContainersTests.xctest */ = {isa = PBXFileReference; explicitFileType = wrapper.cfbundle; includeInIndex = 0; path = ContainersTests.xctest; sourceTree = BUILT_PRODUCTS_DIR; };
		A18423A6192AA586001ED83E /* XCTest.framework */ = {isa = PBXFileReference; lastKnownFileType = wrapper.framework; name = XCTest.framework; path = Library/Frameworks/XCTest.framework; sourceTree = DEVELOPER_DIR; };
		A18423AE192AA586001ED83E /* ContainersTests-Info.plist */ = {isa = PBXFileReference; lastKnownFileType = text.plist.xml; path = "ContainersTests-Info.plist"; sourceTree = "<group>"; };
		A18423B0192AA586001ED83E /* en */ = {isa = PBXFileReference; lastKnownFileType = text.plist.strings; name = en; path = en.lproj/InfoPlist.strings; sourceTree = "<group>"; };
		A18423B2192AA586001ED83E /* ContainersTests.m */ = {isa = PBXFileReference; lastKnownFileType = sourcecode.c.objc; path = ContainersTests.m; sourceTree = "<group>"; };
/* End PBXFileReference section */

/* Begin PBXFrameworksBuildPhase section */
		A1842381192AA586001ED83E /* Frameworks */ = {
			isa = PBXFrameworksBuildPhase;
			buildActionMask = 2147483647;
			files = (
				A184238A192AA586001ED83E /* CoreGraphics.framework in Frameworks */,
				A184238C192AA586001ED83E /* UIKit.framework in Frameworks */,
				A1842388192AA586001ED83E /* Foundation.framework in Frameworks */,
			);
			runOnlyForDeploymentPostprocessing = 0;
		};
		A18423A2192AA586001ED83E /* Frameworks */ = {
			isa = PBXFrameworksBuildPhase;
			buildActionMask = 2147483647;
			files = (
				A18423A7192AA586001ED83E /* XCTest.framework in Frameworks */,
				A18423A9192AA586001ED83E /* UIKit.framework in Frameworks */,
				A18423A8192AA586001ED83E /* Foundation.framework in Frameworks */,
			);
			runOnlyForDeploymentPostprocessing = 0;
		};
/* End PBXFrameworksBuildPhase section */

/* Begin PBXGroup section */
		A184237B192AA586001ED83E = {
			isa = PBXGroup;
			children = (
				A184238D192AA586001ED83E /* Containers */,
				A18423AC192AA586001ED83E /* ContainersTests */,
				A1842386192AA586001ED83E /* Frameworks */,
				A1842385192AA586001ED83E /* Products */,
			);
			sourceTree = "<group>";
		};
		A1842385192AA586001ED83E /* Products */ = {
			isa = PBXGroup;
			children = (
				A1842384192AA586001ED83E /* Containers.app */,
				A18423A5192AA586001ED83E /* ContainersTests.xctest */,
			);
			name = Products;
			sourceTree = "<group>";
		};
		A1842386192AA586001ED83E /* Frameworks */ = {
			isa = PBXGroup;
			children = (
				A1842387192AA586001ED83E /* Foundation.framework */,
				A1842389192AA586001ED83E /* CoreGraphics.framework */,
				A184238B192AA586001ED83E /* UIKit.framework */,
				A18423A6192AA586001ED83E /* XCTest.framework */,
			);
			name = Frameworks;
			sourceTree = "<group>";
		};
		A184238D192AA586001ED83E /* Containers */ = {
			isa = PBXGroup;
			children = (
				A1842396192AA586001ED83E /* IHAppDelegate.h */,
				A1842397192AA586001ED83E /* IHAppDelegate.m */,
				A1842399192AA586001ED83E /* Main.storyboard */,
				A184239C192AA586001ED83E /* IHViewController.h */,
				A184239D192AA586001ED83E /* IHViewController.m */,
				A184239F192AA586001ED83E /* Images.xcassets */,
				A184238E192AA586001ED83E /* Supporting Files */,
			);
			path = Containers;
			sourceTree = "<group>";
		};
		A184238E192AA586001ED83E /* Supporting Files */ = {
			isa = PBXGroup;
			children = (
				A184238F192AA586001ED83E /* Containers-Info.plist */,
				A1842390192AA586001ED83E /* InfoPlist.strings */,
				A1842393192AA586001ED83E /* main.m */,
				A1842395192AA586001ED83E /* Containers-Prefix.pch */,
			);
			name = "Supporting Files";
			sourceTree = "<group>";
		};
		A18423AC192AA586001ED83E /* ContainersTests */ = {
			isa = PBXGroup;
			children = (
				A18423B2192AA586001ED83E /* ContainersTests.m */,
				A18423AD192AA586001ED83E /* Supporting Files */,
			);
			path = ContainersTests;
			sourceTree = "<group>";
		};
		A18423AD192AA586001ED83E /* Supporting Files */ = {
			isa = PBXGroup;
			children = (
				A18423AE192AA586001ED83E /* ContainersTests-Info.plist */,
				A18423AF192AA586001ED83E /* InfoPlist.strings */,
			);
			name = "Supporting Files";
			sourceTree = "<group>";
		};
/* End PBXGroup section */

/* Begin PBXNativeTarget section */
		A1842383192AA586001ED83E /* Containers */ = {
			isa = PBXNativeTarget;
			buildConfigurationList = A18423B6192AA586001ED83E /* Build configuration list for PBXNativeTarget "Containers" */;
			buildPhases = (
				A1842380192AA586001ED83E /* Sources */,
				A1842381192AA586001ED83E /* Frameworks */,
				A1842382192AA586001ED83E /* Resources */,
			);
			buildRules = (
			);
			dependencies = (
			);
			name = Containers;
			productName = Containers;
			productReference = A1842384192AA586001ED83E /* Containers.app */;
			productType = "com.apple.product-type.application";
		};
		A18423A4192AA586001ED83E /* ContainersTests */ = {
			isa = PBXNativeTarget;
			buildConfigurationList = A18423B9192AA586001ED83E /* Build configuration list for PBXNativeTarget "ContainersTests" */;
			buildPhases = (
				A18423A1192AA586001ED83E /* Sources */,
				A18423A2192AA586001ED83E /* Frameworks */,
				A18423A3192AA586001ED83E /* Resources */,
			);
			buildRules = (
			);
			dependencies = (
				A18423AB192AA586001ED83E /* PBXTargetDependency */,
			);
			name = ContainersTests;
			productName = ContainersTests;
			productReference = A18423A5192AA586001ED83E /* ContainersTests.xctest */;
			productType = "com.apple.product-type.bundle.unit-test";
		};
/* End PBXNativeTarget section */

/* Begin PBXProject section */
		A184237C192AA586001ED83E /* Project object */ = {
			isa = PBXProject;
			attributes = {
				CLASSPREFIX = IH;
				LastUpgradeCheck = 0510;
				ORGANIZATIONNAME = Ironhack;
				TargetAttributes = {
					A18423A4192AA586001ED83E = {
						TestTargetID = A1842383192AA586001ED83E;
					};
				};
			};
			buildConfigurationList = A184237F192AA586001ED83E /* Build configuration list for PBXProject "Containers" */;
			compatibilityVersion = "Xcode 3.2";
			developmentRegion = English;
			hasScannedForEncodings = 0;
			knownRegions = (
				en,
				Base,
			);
			mainGroup = A184237B192AA586001ED83E;
			productRefGroup = A1842385192AA586001ED83E /* Products */;
			projectDirPath = "";
			projectRoot = "";
			targets = (
				A1842383192AA586001ED83E /* Containers */,
				A18423A4192AA586001ED83E /* ContainersTests */,
			);
		};
/* End PBXProject section */

/* Begin PBXResourcesBuildPhase section */
		A1842382192AA586001ED83E /* Resources */ = {
			isa = PBXResourcesBuildPhase;
			buildActionMask = 2147483647;
			files = (
				A18423A0192AA586001ED83E /* Images.xcassets in Resources */,
				A1842392192AA586001ED83E /* InfoPlist.strings in Resources */,
				A184239B192AA586001ED83E /* Main.storyboard in Resources */,
			);
			runOnlyForDeploymentPostprocessing = 0;
		};
		A18423A3192AA586001ED83E /* Resources */ = {
			isa = PBXResourcesBuildPhase;
			buildActionMask = 2147483647;
			files = (
				A18423B1192AA586001ED83E /* InfoPlist.strings in Resources */,
			);
			runOnlyForDeploymentPostprocessing = 0;
		};
/* End PBXResourcesBuildPhase section */

/* Begin PBXSourcesBuildPhase section */
		A1842380192AA586001ED83E /* Sources */ = {
			isa = PBXSourcesBuildPhase;
			buildActionMask = 2147483647;
			files = (
				A1842394192AA586001ED83E /* main.m in Sources */,
				A1842398192AA586001ED83E /* IHAppDelegate.m in Sources */,
				A184239E192AA586001ED83E /* IHViewController.m in Sources */,
			);
			runOnlyForDeploymentPostprocessing = 0;
		};
		A18423A1192AA586001ED83E /* Sources */ = {
			isa = PBXSourcesBuildPhase;
			buildActionMask = 2147483647;
			files = (
				A18423B3192AA586001ED83E /* ContainersTests.m in Sources */,
			);
			runOnlyForDeploymentPostprocessing = 0;
		};
/* End PBXSourcesBuildPhase section */

/* Begin PBXTargetDependency section */
		A18423AB192AA586001ED83E /* PBXTargetDependency */ = {
			isa = PBXTargetDependency;
			target = A1842383192AA586001ED83E /* Containers */;
			targetProxy = A18423AA192AA586001ED83E /* PBXContainerItemProxy */;
		};
/* End PBXTargetDependency section */

/* Begin PBXVariantGroup section */
		A1842390192AA586001ED83E /* InfoPlist.strings */ = {
			isa = PBXVariantGroup;
			children = (
				A1842391192AA586001ED83E /* en */,
			);
			name = InfoPlist.strings;
			sourceTree = "<group>";
		};
		A1842399192AA586001ED83E /* Main.storyboard */ = {
			isa = PBXVariantGroup;
			children = (
				A184239A192AA586001ED83E /* Base */,
			);
			name = Main.storyboard;
			sourceTree = "<group>";
		};
		A18423AF192AA586001ED83E /* InfoPlist.strings */ = {
			isa = PBXVariantGroup;
			children = (
				A18423B0192AA586001ED83E /* en */,
			);
			name = InfoPlist.strings;
			sourceTree = "<group>";
		};
/* End PBXVariantGroup section */

/* Begin XCBuildConfiguration section */
		A18423B4192AA586001ED83E /* Debug */ = {
			isa = XCBuildConfiguration;
			buildSettings = {
				ALWAYS_SEARCH_USER_PATHS = NO;
				CLANG_CXX_LANGUAGE_STANDARD = "gnu++0x";
				CLANG_CXX_LIBRARY = "libc++";
				CLANG_ENABLE_MODULES = YES;
				CLANG_ENABLE_OBJC_ARC = YES;
				CLANG_WARN_BOOL_CONVERSION = YES;
				CLANG_WARN_CONSTANT_CONVERSION = YES;
				CLANG_WARN_DIRECT_OBJC_ISA_USAGE = YES_ERROR;
				CLANG_WARN_EMPTY_BODY = YES;
				CLANG_WARN_ENUM_CONVERSION = YES;
				CLANG_WARN_INT_CONVERSION = YES;
				CLANG_WARN_OBJC_ROOT_CLASS = YES_ERROR;
				CLANG_WARN__DUPLICATE_METHOD_MATCH = YES;
				"CODE_SIGN_IDENTITY[sdk=iphoneos*]" = "iPhone Developer";
				COPY_PHASE_STRIP = NO;
				GCC_C_LANGUAGE_STANDARD = gnu99;
				GCC_DYNAMIC_NO_PIC = NO;
				GCC_OPTIMIZATION_LEVEL = 0;
				GCC_PREPROCESSOR_DEFINITIONS = (
					"DEBUG=1",
					"$(inherited)",
				);
				GCC_SYMBOLS_PRIVATE_EXTERN = NO;
				GCC_WARN_64_TO_32_BIT_CONVERSION = YES;
				GCC_WARN_ABOUT_RETURN_TYPE = YES_ERROR;
				GCC_WARN_UNDECLARED_SELECTOR = YES;
				GCC_WARN_UNINITIALIZED_AUTOS = YES_AGGRESSIVE;
				GCC_WARN_UNUSED_FUNCTION = YES;
				GCC_WARN_UNUSED_VARIABLE = YES;
				IPHONEOS_DEPLOYMENT_TARGET = 7.1;
				ONLY_ACTIVE_ARCH = YES;
				SDKROOT = iphoneos;
				TARGETED_DEVICE_FAMILY = 2;
			};
			name = Debug;
		};
		A18423B5192AA586001ED83E /* Release */ = {
			isa = XCBuildConfiguration;
			buildSettings = {
				ALWAYS_SEARCH_USER_PATHS = NO;
				CLANG_CXX_LANGUAGE_STANDARD = "gnu++0x";
				CLANG_CXX_LIBRARY = "libc++";
				CLANG_ENABLE_MODULES = YES;
				CLANG_ENABLE_OBJC_ARC = YES;
				CLANG_WARN_BOOL_CONVERSION = YES;
				CLANG_WARN_CONSTANT_CONVERSION = YES;
				CLANG_WARN_DIRECT_OBJC_ISA_USAGE = YES_ERROR;
				CLANG_WARN_EMPTY_BODY = YES;
				CLANG_WARN_ENUM_CONVERSION = YES;
				CLANG_WARN_INT_CONVERSION = YES;
				CLANG_WARN_OBJC_ROOT_CLASS = YES_ERROR;
				CLANG_WARN__DUPLICATE_METHOD_MATCH = YES;
				"CODE_SIGN_IDENTITY[sdk=iphoneos*]" = "iPhone Developer";
				COPY_PHASE_STRIP = YES;
				ENABLE_NS_ASSERTIONS = NO;
				GCC_C_LANGUAGE_STANDARD = gnu99;
				GCC_WARN_64_TO_32_BIT_CONVERSION = YES;
				GCC_WARN_ABOUT_RETURN_TYPE = YES_ERROR;
				GCC_WARN_UNDECLARED_SELECTOR = YES;
				GCC_WARN_UNINITIALIZED_AUTOS = YES_AGGRESSIVE;
				GCC_WARN_UNUSED_FUNCTION = YES;
				GCC_WARN_UNUSED_VARIABLE = YES;
				IPHONEOS_DEPLOYMENT_TARGET = 7.1;
				SDKROOT = iphoneos;
				TARGETED_DEVICE_FAMILY = 2;
				VALIDATE_PRODUCT = YES;
			};
			name = Release;
		};
		A18423B7192AA586001ED83E /* Debug */ = {
			isa = XCBuildConfiguration;
			buildSettings = {
				ASSETCATALOG_COMPILER_APPICON_NAME = AppIcon;
				ASSETCATALOG_COMPILER_LAUNCHIMAGE_NAME = LaunchImage;
				GCC_PRECOMPILE_PREFIX_HEADER = YES;
				GCC_PREFIX_HEADER = "Containers/Containers-Prefix.pch";
				INFOPLIST_FILE = "Containers/Containers-Info.plist";
				PRODUCT_NAME = "$(TARGET_NAME)";
				WRAPPER_EXTENSION = app;
			};
			name = Debug;
		};
		A18423B8192AA586001ED83E /* Release */ = {
			isa = XCBuildConfiguration;
			buildSettings = {
				ASSETCATALOG_COMPILER_APPICON_NAME = AppIcon;
				ASSETCATALOG_COMPILER_LAUNCHIMAGE_NAME = LaunchImage;
				GCC_PRECOMPILE_PREFIX_HEADER = YES;
				GCC_PREFIX_HEADER = "Containers/Containers-Prefix.pch";
				INFOPLIST_FILE = "Containers/Containers-Info.plist";
				PRODUCT_NAME = "$(TARGET_NAME)";
				WRAPPER_EXTENSION = app;
			};
			name = Release;
		};
		A18423BA192AA586001ED83E /* Debug */ = {
			isa = XCBuildConfiguration;
			buildSettings = {
				BUNDLE_LOADER = "$(BUILT_PRODUCTS_DIR)/Containers.app/Containers";
				FRAMEWORK_SEARCH_PATHS = (
					"$(SDKROOT)/Developer/Library/Frameworks",
					"$(inherited)",
					"$(DEVELOPER_FRAMEWORKS_DIR)",
				);
				GCC_PRECOMPILE_PREFIX_HEADER = YES;
				GCC_PREFIX_HEADER = "Containers/Containers-Prefix.pch";
				GCC_PREPROCESSOR_DEFINITIONS = (
					"DEBUG=1",
					"$(inherited)",
				);
				INFOPLIST_FILE = "ContainersTests/ContainersTests-Info.plist";
				PRODUCT_NAME = "$(TARGET_NAME)";
				TEST_HOST = "$(BUNDLE_LOADER)";
				WRAPPER_EXTENSION = xctest;
			};
			name = Debug;
		};
		A18423BB192AA586001ED83E /* Release */ = {
			isa = XCBuildConfiguration;
			buildSettings = {
				BUNDLE_LOADER = "$(BUILT_PRODUCTS_DIR)/Containers.app/Containers";
				FRAMEWORK_SEARCH_PATHS = (
					"$(SDKROOT)/Developer/Library/Frameworks",
					"$(inherited)",
					"$(DEVELOPER_FRAMEWORKS_DIR)",
				);
				GCC_PRECOMPILE_PREFIX_HEADER = YES;
				GCC_PREFIX_HEADER = "Containers/Containers-Prefix.pch";
				INFOPLIST_FILE = "ContainersTests/ContainersTests-Info.plist";
				PRODUCT_NAME = "$(TARGET_NAME)";
				TEST_HOST = "$(BUNDLE_LOADER)";
				WRAPPER_EXTENSION = xctest;
			};
			name = Release;
		};
/* End XCBuildConfiguration section */

/* Begin XCConfigurationList section */
		A184237F192AA586001ED83E /* Build configuration list for PBXProject "Containers" */ = {
			isa = XCConfigurationList;
			buildConfigurations = (
				A18423B4192AA586001ED83E /* Debug */,
				A18423B5192AA586001ED83E /* Release */,
			);
			defaultConfigurationIsVisible = 0;
			defaultConfigurationName = Release;
		};
		A18423B6192AA586001ED83E /* Build configuration list for PBXNativeTarget "Containers" */ = {
			isa = XCConfigurationList;
			buildConfigurations = (
				A18423B7192AA586001ED83E /* Debug */,
				A18423B8192AA586001ED83E /* Release */,
			);
			defaultConfigurationIsVisible = 0;
		};
		A18423B9192AA586001ED83E /* Build configuration list for PBXNativeTarget "ContainersTests" */ = {
			isa = XCConfigurationList;
			buildConfigurations = (
				A18423BA192AA586001ED83E /* Debug */,
				A18423BB192AA586001ED83E /* Release */,
			);
			defaultConfigurationIsVisible = 0;
		};
/* End XCConfigurationList section */
	};
	rootObject = A184237C192AA586001ED83E /* Project object */;
}
